<?xml version="1.0" encoding="utf-8"?>
<Project ToolsVersion="4.0" xmlns="http://schemas.microsoft.com/developer/msbuild/2003">
  <ItemGroup>
    <Filter Include="Source Files">
      <UniqueIdentifier>{4FC737F1-C7A5-4376-A066-2A32D752A2FF}</UniqueIdentifier>
      <Extensions>cpp;c;cc;cxx;c++;cppm;ixx;def;odl;idl;hpj;bat;asm;asmx</Extensions>
    </Filter>
    <Filter Include="Header Files">
      <UniqueIdentifier>{74b19dce-6c92-44c9-80e5-fbc4bc53744a}</UniqueIdentifier>
    </Filter>
    <Filter Include="Header Files\Calculator">
      <UniqueIdentifier>{794ca33e-6be3-47ff-8b17-32056dcc3e18}</UniqueIdentifier>
    </Filter>
    <Filter Include="Resource Files">
      <UniqueIdentifier>{bdb489e8-0660-4eb8-94c8-1802ee463323}</UniqueIdentifier>
    </Filter>
    <Filter Include="Resource Files\Calculator">
      <UniqueIdentifier>{92ca91de-fc91-489a-b109-c95c5cc0b90f}</UniqueIdentifier>
    </Filter>
  </ItemGroup>
  <ItemGroup>
    <ClCompile Include="calculator.test.cpp">
      <Filter>Source Files</Filter>
    </ClCompile>
    <ClCompile Include="..\..\..\labs\lab3\calculator\headers\pch.cpp">
      <Filter>Header Files</Filter>
    </ClCompile>
    <ClCompile Include="..\..\..\labs\lab3\calculator\resourses\calculator_controller.cpp">
      <Filter>Resource Files</Filter>
    </ClCompile>
    <ClCompile Include="..\..\..\labs\lab3\calculator\resourses\calculator\calculator.cpp">
      <Filter>Resource Files\Calculator</Filter>
    </ClCompile>
    <ClCompile Include="..\..\..\labs\lab3\calculator\resourses\calculator\function.cpp">
      <Filter>Resource Files\Calculator</Filter>
    </ClCompile>
    <ClCompile Include="..\..\..\labs\lab3\calculator\resourses\calculator\operand.cpp">
      <Filter>Resource Files\Calculator</Filter>
    </ClCompile>
    <ClCompile Include="..\..\..\labs\lab3\calculator\resourses\calculator\parser.cpp">
      <Filter>Resource Files\Calculator</Filter>
    </ClCompile>
    <ClCompile Include="..\..\..\labs\lab3\calculator\resourses\calculator\result.cpp">
      <Filter>Resource Files\Calculator</Filter>
    </ClCompile>
    <ClCompile Include="..\..\..\labs\lab3\calculator\resourses\calculator\variable.cpp">
      <Filter>Resource Files\Calculator</Filter>
    </ClCompile>
  </ItemGroup>
  <ItemGroup>
    <None Include="cpp.hint" />
  </ItemGroup>
  <ItemGroup>
    <ClInclude Include="..\..\..\labs\lab3\calculator\headers\CCalculator_controller.h">
      <Filter>Header Files</Filter>
    </ClInclude>
    <ClInclude Include="..\..\..\labs\lab3\calculator\headers\std_lib.h">
      <Filter>Header Files</Filter>
    </ClInclude>
    <ClInclude Include="..\..\..\labs\lab3\calculator\headers\calculator\CCalculator.h">
      <Filter>Header Files\Calculator</Filter>
    </ClInclude>
    <ClInclude Include="..\..\..\labs\lab3\calculator\headers\calculator\CFunction.h">
      <Filter>Header Files\Calculator</Filter>
    </ClInclude>
    <ClInclude Include="..\..\..\labs\lab3\calculator\headers\calculator\COperand.h">
      <Filter>Header Files\Calculator</Filter>
    </ClInclude>
    <ClInclude Include="..\..\..\labs\lab3\calculator\headers\calculator\CParser.h">
      <Filter>Header Files\Calculator</Filter>
    </ClInclude>
    <ClInclude Include="..\..\..\labs\lab3\calculator\headers\calculator\CResult.h">
      <Filter>Header Files\Calculator</Filter>
    </ClInclude>
    <ClInclude Include="..\..\..\labs\lab3\calculator\headers\calculator\CVariable.h">
      <Filter>Header Files\Calculator</Filter>
    </ClInclude>
  </ItemGroup>
</Project>