
Microsoft Visual Studio Solution File, Format Version 12.00
# Visual Studio Version 17
VisualStudioVersion = 17.0.32126.317
MinimumVisualStudioVersion = 10.0.40219.1
Project("{2150E333-8FDC-42A3-9474-1A3956D46DE8}") = "lab1", "lab1", "{9139C757-3127-4646-80BD-0D2E4A6A9823}"
EndProject
Project("{2150E333-8FDC-42A3-9474-1A3956D46DE8}") = "lab2", "lab2", "{E24CC7B1-C759-4474-B4C1-EC2EBE192345}"
EndProject
Project("{8BC9CEB8-8B4A-11D0-8D11-00A0C91BC942}") = "vector", "labs\lab2\vector\vector.vcxproj", "{83C985CB-033C-4033-BEFE-E5710BA059E5}"
EndProject
Project("{8BC9CEB8-8B4A-11D0-8D11-00A0C91BC942}") = "stl_practice", "labs\temp\stl_practice\stl_practice.vcxproj", "{A953F914-F802-45D6-B8AA-E70EDBE925DC}"
EndProject
Project("{8BC9CEB8-8B4A-11D0-8D11-00A0C91BC942}") = "html_decode", "labs\lab2\html_decode\html_decode.vcxproj", "{8B708090-928C-485A-947F-D66B426F7748}"
EndProject
Project("{8BC9CEB8-8B4A-11D0-8D11-00A0C91BC942}") = "mini_dict", "labs\lab2\mini_dict\mini_dict.vcxproj", "{373A229D-4022-45DF-8878-12539B9D4CD2}"
EndProject
Project("{8BC9CEB8-8B4A-11D0-8D11-00A0C91BC942}") = "prime", "labs\lab2\prime\prime.vcxproj", "{F1F0F90F-1DE3-446A-92AD-AD255AA868FE}"
EndProject
Project("{8BC9CEB8-8B4A-11D0-8D11-00A0C91BC942}") = "url_parser", "labs\lab2\url_parser\url_parser.vcxproj", "{F1F60176-8C89-4F6D-B7EC-28E63EA6738E}"
EndProject
Project("{8BC9CEB8-8B4A-11D0-8D11-00A0C91BC942}") = "crypt", "labs\lab1\crypt\crypt.vcxproj", "{AB6B5ABD-CAA2-4D33-B6E6-F77D5BCAECA2}"
EndProject
Project("{8BC9CEB8-8B4A-11D0-8D11-00A0C91BC942}") = "fill", "labs\lab1\fill\fill.vcxproj", "{B759A98D-8154-4571-847C-7375316DA24F}"
EndProject
Project("{8BC9CEB8-8B4A-11D0-8D11-00A0C91BC942}") = "invert", "labs\lab1\invert\invert.vcxproj", "{B41C0D37-EF10-4027-8841-E36A36A653F0}"
EndProject
Project("{8BC9CEB8-8B4A-11D0-8D11-00A0C91BC942}") = "radix", "labs\lab1\radix\radix.vcxproj", "{BD65A2A9-E077-4EEC-AEB5-256687B926F1}"
EndProject
Project("{8BC9CEB8-8B4A-11D0-8D11-00A0C91BC942}") = "replace", "labs\lab1\replace\replace.vcxproj", "{2CBE7282-1C84-4FB1-8430-B1BA37D70495}"
EndProject
Project("{2150E333-8FDC-42A3-9474-1A3956D46DE8}") = "testing", "testing", "{01CE1EA3-B7FB-4BEF-8F87-F8F270D95A19}"
EndProject
Project("{2150E333-8FDC-42A3-9474-1A3956D46DE8}") = "lab2", "lab2", "{AFD43EF7-59B6-4C37-9A91-134663CE2E9B}"
EndProject
Project("{8BC9CEB8-8B4A-11D0-8D11-00A0C91BC942}") = "vector", "test\lab2\vector\vector.vcxproj", "{F8582459-919E-4FBE-B921-F42B445375AC}"
EndProject
Project("{8BC9CEB8-8B4A-11D0-8D11-00A0C91BC942}") = "html_decode", "test\lab2\html_decode\html_decode.vcxproj", "{C498D5A5-951F-4C21-B8A4-BB14770AAB6B}"
EndProject
Project("{8BC9CEB8-8B4A-11D0-8D11-00A0C91BC942}") = "prime", "test\lab2\prime\prime.vcxproj", "{1BC59654-BD53-4814-809D-C9501201136C}"
EndProject
Project("{8BC9CEB8-8B4A-11D0-8D11-00A0C91BC942}") = "url_parser", "test\lab2\url_parser\url_parser.vcxproj", "{047D0E09-7187-4408-A63A-6B661D5E10B9}"
EndProject
Project("{8BC9CEB8-8B4A-11D0-8D11-00A0C91BC942}") = "expand_template", "labs\lab2\expand_template\expand_template.vcxproj", "{943F2C5C-8461-4E86-B7FC-DF6479EF4396}"
EndProject
Project("{8BC9CEB8-8B4A-11D0-8D11-00A0C91BC942}") = "expand_template", "test\lab2\expand_template\expand_template.vcxproj", "{640CB79F-B0E7-4967-B4AE-CF18E72AFADD}"
EndProject
Project("{8BC9CEB8-8B4A-11D0-8D11-00A0C91BC942}") = "temp", "labs\temp\temp\temp.vcxproj", "{A9BEBECD-F6C7-44CF-BE56-BE229A07FFDC}"
EndProject
Project("{2150E333-8FDC-42A3-9474-1A3956D46DE8}") = "lab3", "lab3", "{94054C9B-E08E-4860-9B7B-9C2890B57D6E}"
EndProject
Project("{8BC9CEB8-8B4A-11D0-8D11-00A0C91BC942}") = "car", "labs\lab3\car\car.vcxproj", "{D4612E0F-FF09-4125-B6B4-46EFD39EF9B0}"
	ProjectSection(ProjectDependencies) = postProject
		{762E844D-35F4-4123-866F-7105067A2E23} = {762E844D-35F4-4123-866F-7105067A2E23}
	EndProjectSection
EndProject
Project("{2150E333-8FDC-42A3-9474-1A3956D46DE8}") = "lab3", "lab3", "{516CC616-6637-4D02-8D1F-AE3387FA03F4}"
EndProject
Project("{8BC9CEB8-8B4A-11D0-8D11-00A0C91BC942}") = "car_test", "test\lab3\car_test\car_test.vcxproj", "{762E844D-35F4-4123-866F-7105067A2E23}"
EndProject
Project("{8BC9CEB8-8B4A-11D0-8D11-00A0C91BC942}") = "calculator", "labs\lab3\calculator\calculator.vcxproj", "{327B0853-236F-4ECA-8E9F-CF4D53BE6FB0}"
	ProjectSection(ProjectDependencies) = postProject
		{1C4498CE-3489-4CF9-B72C-4857B3BB42F7} = {1C4498CE-3489-4CF9-B72C-4857B3BB42F7}
	EndProjectSection
EndProject
Project("{8BC9CEB8-8B4A-11D0-8D11-00A0C91BC942}") = "calculator_test", "test\lab3\calculator_test\calculator_test.vcxproj", "{1C4498CE-3489-4CF9-B72C-4857B3BB42F7}"
EndProject
Project("{2150E333-8FDC-42A3-9474-1A3956D46DE8}") = "lab4", "lab4", "{1983A193-04E5-45E1-8D03-17B23735A843}"
EndProject
Project("{8BC9CEB8-8B4A-11D0-8D11-00A0C91BC942}") = "shapes", "labs\lab4\shapes\shapes.vcxproj", "{121A0C77-213C-476A-A402-62BA2A183D03}"
EndProject
Project("{2150E333-8FDC-42A3-9474-1A3956D46DE8}") = "lab4", "lab4", "{0C450153-1632-4D60-912E-226EB17EF9DD}"
EndProject
Project("{8BC9CEB8-8B4A-11D0-8D11-00A0C91BC942}") = "shapes_test", "test\lab4\shapes_test\shapes_test.vcxproj", "{1AD7950A-6183-412E-AEBB-D5C42B875136}"
EndProject
Project("{2150E333-8FDC-42A3-9474-1A3956D46DE8}") = "lab5", "lab5", "{213A8C52-F488-4F0C-B6B9-56E12B8D801A}"
EndProject
Project("{8BC9CEB8-8B4A-11D0-8D11-00A0C91BC942}") = "date", "labs\lab5\date\date.vcxproj", "{1A4DC606-D594-4F9D-AF7F-48247A6BD5E1}"
EndProject
Project("{2150E333-8FDC-42A3-9474-1A3956D46DE8}") = "lab5", "lab5", "{DD2263AD-9950-47B4-ACB2-F03644FB0CF8}"
EndProject
Project("{8BC9CEB8-8B4A-11D0-8D11-00A0C91BC942}") = "date_test", "test\lab5\date_test\date_test.vcxproj", "{1BF1545D-2BA2-42AC-83C3-7F53CA0EA7C4}"
EndProject
Project("{8BC9CEB8-8B4A-11D0-8D11-00A0C91BC942}") = "my_string", "labs\lab5\my_string\my_string.vcxproj", "{23D70E6F-85E1-4EB4-9FF1-6297FB5A6BE1}"
EndProject
Project("{8BC9CEB8-8B4A-11D0-8D11-00A0C91BC942}") = "my_string_test", "test\lab5\my_string_test\my_string_test.vcxproj", "{FB1BC450-957D-4AEA-9684-44356BDF1DBC}"
EndProject
Project("{2150E333-8FDC-42A3-9474-1A3956D46DE8}") = "lab6", "lab6", "{E02536C2-0C7E-4FAA-821C-270D8FC22A79}"
EndProject
Project("{2150E333-8FDC-42A3-9474-1A3956D46DE8}") = "lab6", "lab6", "{CFDF5437-DB8F-433C-A63B-CCDB0F0B449F}"
EndProject
Project("{8BC9CEB8-8B4A-11D0-8D11-00A0C91BC942}") = "http_url", "labs\lab6\http_url\http_url.vcxproj", "{90CAB142-EF63-4CB3-B588-3B649BE4B3F7}"
EndProject
Project("{8BC9CEB8-8B4A-11D0-8D11-00A0C91BC942}") = "http_url_test", "test\lab6\http_url_test\http_url_test.vcxproj", "{E295611A-4F82-4AB6-AC6C-4978596641FB}"
EndProject
Project("{8BC9CEB8-8B4A-11D0-8D11-00A0C91BC942}") = "string_list", "labs\lab6\string_list\string_list.vcxproj", "{53FF9E8B-3C5C-4EE5-897D-DCAE103019A7}"
EndProject
Project("{8BC9CEB8-8B4A-11D0-8D11-00A0C91BC942}") = "string_list_test", "test\lab6\string_list_test\string_list_test.vcxproj", "{E4C0E6A5-C261-4B20-B8AA-5B5300DE2D1C}"
EndProject
Project("{2150E333-8FDC-42A3-9474-1A3956D46DE8}") = "lab7", "lab7", "{A911C8DF-25F9-4200-8F89-0ACB8594E6A8}"
EndProject
Project("{8BC9CEB8-8B4A-11D0-8D11-00A0C91BC942}") = "find_max_ex", "labs\lab7\find_max_ex\find_max_ex.vcxproj", "{740FF9B9-03CA-486A-B9EA-601FCFBBE936}"
EndProject
Project("{2150E333-8FDC-42A3-9474-1A3956D46DE8}") = "lab7", "lab7", "{AE4F102D-2CCE-4D4A-B8E8-07B0A7EA9CF2}"
EndProject
Project("{8BC9CEB8-8B4A-11D0-8D11-00A0C91BC942}") = "find_max_ex_test", "test\lab7\find_max_ex_test\find_max_ex_test.vcxproj", "{7E12DC0A-1F6A-4EB2-B278-1B5B80560829}"
EndProject
Project("{8BC9CEB8-8B4A-11D0-8D11-00A0C91BC942}") = "my_list", "labs\lab7\my_list\my_list.vcxproj", "{F3073B4A-59D7-4675-AAE1-548B28D5F15D}"
EndProject
Project("{8BC9CEB8-8B4A-11D0-8D11-00A0C91BC942}") = "my_list_test", "test\lab7\my_list_test\my_list_test.vcxproj", "{9ABCE52E-1FF1-41CA-B31B-BD20214FDD52}"
EndProject
Project("{8BC9CEB8-8B4A-11D0-8D11-00A0C91BC942}") = "vehicle", "labs\lab7\vehicle\vehicle.vcxproj", "{DE22EC81-4554-4B89-AC92-77537C9BAF23}"
EndProject
Global
	GlobalSection(SolutionConfigurationPlatforms) = preSolution
		Debug|x64 = Debug|x64
		Debug|x86 = Debug|x86
		Default|x64 = Default|x64
		Default|x86 = Default|x86
		Release|x64 = Release|x64
		Release|x86 = Release|x86
	EndGlobalSection
	GlobalSection(ProjectConfigurationPlatforms) = postSolution
		{83C985CB-033C-4033-BEFE-E5710BA059E5}.Debug|x64.ActiveCfg = Debug|x64
		{83C985CB-033C-4033-BEFE-E5710BA059E5}.Debug|x64.Build.0 = Debug|x64
		{83C985CB-033C-4033-BEFE-E5710BA059E5}.Debug|x86.ActiveCfg = Debug|Win32
		{83C985CB-033C-4033-BEFE-E5710BA059E5}.Debug|x86.Build.0 = Debug|Win32
		{83C985CB-033C-4033-BEFE-E5710BA059E5}.Default|x64.ActiveCfg = Default|x64
		{83C985CB-033C-4033-BEFE-E5710BA059E5}.Default|x64.Build.0 = Default|x64
		{83C985CB-033C-4033-BEFE-E5710BA059E5}.Default|x86.ActiveCfg = Default|Win32
		{83C985CB-033C-4033-BEFE-E5710BA059E5}.Default|x86.Build.0 = Default|Win32
		{83C985CB-033C-4033-BEFE-E5710BA059E5}.Release|x64.ActiveCfg = Release|x64
		{83C985CB-033C-4033-BEFE-E5710BA059E5}.Release|x64.Build.0 = Release|x64
		{83C985CB-033C-4033-BEFE-E5710BA059E5}.Release|x86.ActiveCfg = Release|Win32
		{83C985CB-033C-4033-BEFE-E5710BA059E5}.Release|x86.Build.0 = Release|Win32
		{A953F914-F802-45D6-B8AA-E70EDBE925DC}.Debug|x64.ActiveCfg = Debug|x64
		{A953F914-F802-45D6-B8AA-E70EDBE925DC}.Debug|x64.Build.0 = Debug|x64
		{A953F914-F802-45D6-B8AA-E70EDBE925DC}.Debug|x86.ActiveCfg = Debug|Win32
		{A953F914-F802-45D6-B8AA-E70EDBE925DC}.Debug|x86.Build.0 = Debug|Win32
		{A953F914-F802-45D6-B8AA-E70EDBE925DC}.Default|x64.ActiveCfg = Default|x64
		{A953F914-F802-45D6-B8AA-E70EDBE925DC}.Default|x64.Build.0 = Default|x64
		{A953F914-F802-45D6-B8AA-E70EDBE925DC}.Default|x86.ActiveCfg = Default|Win32
		{A953F914-F802-45D6-B8AA-E70EDBE925DC}.Default|x86.Build.0 = Default|Win32
		{A953F914-F802-45D6-B8AA-E70EDBE925DC}.Release|x64.ActiveCfg = Release|x64
		{A953F914-F802-45D6-B8AA-E70EDBE925DC}.Release|x64.Build.0 = Release|x64
		{A953F914-F802-45D6-B8AA-E70EDBE925DC}.Release|x86.ActiveCfg = Release|Win32
		{A953F914-F802-45D6-B8AA-E70EDBE925DC}.Release|x86.Build.0 = Release|Win32
		{8B708090-928C-485A-947F-D66B426F7748}.Debug|x64.ActiveCfg = Debug|x64
		{8B708090-928C-485A-947F-D66B426F7748}.Debug|x64.Build.0 = Debug|x64
		{8B708090-928C-485A-947F-D66B426F7748}.Debug|x86.ActiveCfg = Debug|Win32
		{8B708090-928C-485A-947F-D66B426F7748}.Debug|x86.Build.0 = Debug|Win32
		{8B708090-928C-485A-947F-D66B426F7748}.Default|x64.ActiveCfg = Default|x64
		{8B708090-928C-485A-947F-D66B426F7748}.Default|x64.Build.0 = Default|x64
		{8B708090-928C-485A-947F-D66B426F7748}.Default|x86.ActiveCfg = Default|Win32
		{8B708090-928C-485A-947F-D66B426F7748}.Default|x86.Build.0 = Default|Win32
		{8B708090-928C-485A-947F-D66B426F7748}.Release|x64.ActiveCfg = Release|x64
		{8B708090-928C-485A-947F-D66B426F7748}.Release|x64.Build.0 = Release|x64
		{8B708090-928C-485A-947F-D66B426F7748}.Release|x86.ActiveCfg = Release|Win32
		{8B708090-928C-485A-947F-D66B426F7748}.Release|x86.Build.0 = Release|Win32
		{373A229D-4022-45DF-8878-12539B9D4CD2}.Debug|x64.ActiveCfg = Debug|x64
		{373A229D-4022-45DF-8878-12539B9D4CD2}.Debug|x64.Build.0 = Debug|x64
		{373A229D-4022-45DF-8878-12539B9D4CD2}.Debug|x86.ActiveCfg = Debug|Win32
		{373A229D-4022-45DF-8878-12539B9D4CD2}.Debug|x86.Build.0 = Debug|Win32
		{373A229D-4022-45DF-8878-12539B9D4CD2}.Default|x64.ActiveCfg = Debug|x64
		{373A229D-4022-45DF-8878-12539B9D4CD2}.Default|x64.Build.0 = Debug|x64
		{373A229D-4022-45DF-8878-12539B9D4CD2}.Default|x86.ActiveCfg = Debug|Win32
		{373A229D-4022-45DF-8878-12539B9D4CD2}.Default|x86.Build.0 = Debug|Win32
		{373A229D-4022-45DF-8878-12539B9D4CD2}.Release|x64.ActiveCfg = Release|x64
		{373A229D-4022-45DF-8878-12539B9D4CD2}.Release|x64.Build.0 = Release|x64
		{373A229D-4022-45DF-8878-12539B9D4CD2}.Release|x86.ActiveCfg = Release|Win32
		{373A229D-4022-45DF-8878-12539B9D4CD2}.Release|x86.Build.0 = Release|Win32
		{F1F0F90F-1DE3-446A-92AD-AD255AA868FE}.Debug|x64.ActiveCfg = Debug|x64
		{F1F0F90F-1DE3-446A-92AD-AD255AA868FE}.Debug|x64.Build.0 = Debug|x64
		{F1F0F90F-1DE3-446A-92AD-AD255AA868FE}.Debug|x86.ActiveCfg = Debug|Win32
		{F1F0F90F-1DE3-446A-92AD-AD255AA868FE}.Debug|x86.Build.0 = Debug|Win32
		{F1F0F90F-1DE3-446A-92AD-AD255AA868FE}.Default|x64.ActiveCfg = Debug|x64
		{F1F0F90F-1DE3-446A-92AD-AD255AA868FE}.Default|x64.Build.0 = Debug|x64
		{F1F0F90F-1DE3-446A-92AD-AD255AA868FE}.Default|x86.ActiveCfg = Debug|Win32
		{F1F0F90F-1DE3-446A-92AD-AD255AA868FE}.Default|x86.Build.0 = Debug|Win32
		{F1F0F90F-1DE3-446A-92AD-AD255AA868FE}.Release|x64.ActiveCfg = Release|x64
		{F1F0F90F-1DE3-446A-92AD-AD255AA868FE}.Release|x64.Build.0 = Release|x64
		{F1F0F90F-1DE3-446A-92AD-AD255AA868FE}.Release|x86.ActiveCfg = Release|Win32
		{F1F0F90F-1DE3-446A-92AD-AD255AA868FE}.Release|x86.Build.0 = Release|Win32
		{F1F60176-8C89-4F6D-B7EC-28E63EA6738E}.Debug|x64.ActiveCfg = Debug|x64
		{F1F60176-8C89-4F6D-B7EC-28E63EA6738E}.Debug|x64.Build.0 = Debug|x64
		{F1F60176-8C89-4F6D-B7EC-28E63EA6738E}.Debug|x86.ActiveCfg = Debug|Win32
		{F1F60176-8C89-4F6D-B7EC-28E63EA6738E}.Debug|x86.Build.0 = Debug|Win32
		{F1F60176-8C89-4F6D-B7EC-28E63EA6738E}.Default|x64.ActiveCfg = Debug|x64
		{F1F60176-8C89-4F6D-B7EC-28E63EA6738E}.Default|x64.Build.0 = Debug|x64
		{F1F60176-8C89-4F6D-B7EC-28E63EA6738E}.Default|x86.ActiveCfg = Debug|Win32
		{F1F60176-8C89-4F6D-B7EC-28E63EA6738E}.Default|x86.Build.0 = Debug|Win32
		{F1F60176-8C89-4F6D-B7EC-28E63EA6738E}.Release|x64.ActiveCfg = Release|x64
		{F1F60176-8C89-4F6D-B7EC-28E63EA6738E}.Release|x64.Build.0 = Release|x64
		{F1F60176-8C89-4F6D-B7EC-28E63EA6738E}.Release|x86.ActiveCfg = Release|Win32
		{F1F60176-8C89-4F6D-B7EC-28E63EA6738E}.Release|x86.Build.0 = Release|Win32
		{AB6B5ABD-CAA2-4D33-B6E6-F77D5BCAECA2}.Debug|x64.ActiveCfg = Debug|x64
		{AB6B5ABD-CAA2-4D33-B6E6-F77D5BCAECA2}.Debug|x64.Build.0 = Debug|x64
		{AB6B5ABD-CAA2-4D33-B6E6-F77D5BCAECA2}.Debug|x86.ActiveCfg = Debug|Win32
		{AB6B5ABD-CAA2-4D33-B6E6-F77D5BCAECA2}.Debug|x86.Build.0 = Debug|Win32
		{AB6B5ABD-CAA2-4D33-B6E6-F77D5BCAECA2}.Default|x64.ActiveCfg = Default|x64
		{AB6B5ABD-CAA2-4D33-B6E6-F77D5BCAECA2}.Default|x64.Build.0 = Default|x64
		{AB6B5ABD-CAA2-4D33-B6E6-F77D5BCAECA2}.Default|x86.ActiveCfg = Default|Win32
		{AB6B5ABD-CAA2-4D33-B6E6-F77D5BCAECA2}.Default|x86.Build.0 = Default|Win32
		{AB6B5ABD-CAA2-4D33-B6E6-F77D5BCAECA2}.Release|x64.ActiveCfg = Release|x64
		{AB6B5ABD-CAA2-4D33-B6E6-F77D5BCAECA2}.Release|x64.Build.0 = Release|x64
		{AB6B5ABD-CAA2-4D33-B6E6-F77D5BCAECA2}.Release|x86.ActiveCfg = Release|Win32
		{AB6B5ABD-CAA2-4D33-B6E6-F77D5BCAECA2}.Release|x86.Build.0 = Release|Win32
		{B759A98D-8154-4571-847C-7375316DA24F}.Debug|x64.ActiveCfg = Debug|x64
		{B759A98D-8154-4571-847C-7375316DA24F}.Debug|x64.Build.0 = Debug|x64
		{B759A98D-8154-4571-847C-7375316DA24F}.Debug|x86.ActiveCfg = Debug|Win32
		{B759A98D-8154-4571-847C-7375316DA24F}.Debug|x86.Build.0 = Debug|Win32
		{B759A98D-8154-4571-847C-7375316DA24F}.Default|x64.ActiveCfg = Default|x64
		{B759A98D-8154-4571-847C-7375316DA24F}.Default|x64.Build.0 = Default|x64
		{B759A98D-8154-4571-847C-7375316DA24F}.Default|x86.ActiveCfg = Default|Win32
		{B759A98D-8154-4571-847C-7375316DA24F}.Default|x86.Build.0 = Default|Win32
		{B759A98D-8154-4571-847C-7375316DA24F}.Release|x64.ActiveCfg = Release|x64
		{B759A98D-8154-4571-847C-7375316DA24F}.Release|x64.Build.0 = Release|x64
		{B759A98D-8154-4571-847C-7375316DA24F}.Release|x86.ActiveCfg = Release|Win32
		{B759A98D-8154-4571-847C-7375316DA24F}.Release|x86.Build.0 = Release|Win32
		{B41C0D37-EF10-4027-8841-E36A36A653F0}.Debug|x64.ActiveCfg = Debug|x64
		{B41C0D37-EF10-4027-8841-E36A36A653F0}.Debug|x64.Build.0 = Debug|x64
		{B41C0D37-EF10-4027-8841-E36A36A653F0}.Debug|x86.ActiveCfg = Debug|Win32
		{B41C0D37-EF10-4027-8841-E36A36A653F0}.Debug|x86.Build.0 = Debug|Win32
		{B41C0D37-EF10-4027-8841-E36A36A653F0}.Default|x64.ActiveCfg = Default|x64
		{B41C0D37-EF10-4027-8841-E36A36A653F0}.Default|x64.Build.0 = Default|x64
		{B41C0D37-EF10-4027-8841-E36A36A653F0}.Default|x86.ActiveCfg = Default|Win32
		{B41C0D37-EF10-4027-8841-E36A36A653F0}.Default|x86.Build.0 = Default|Win32
		{B41C0D37-EF10-4027-8841-E36A36A653F0}.Release|x64.ActiveCfg = Release|x64
		{B41C0D37-EF10-4027-8841-E36A36A653F0}.Release|x64.Build.0 = Release|x64
		{B41C0D37-EF10-4027-8841-E36A36A653F0}.Release|x86.ActiveCfg = Release|Win32
		{B41C0D37-EF10-4027-8841-E36A36A653F0}.Release|x86.Build.0 = Release|Win32
		{BD65A2A9-E077-4EEC-AEB5-256687B926F1}.Debug|x64.ActiveCfg = Debug|x64
		{BD65A2A9-E077-4EEC-AEB5-256687B926F1}.Debug|x64.Build.0 = Debug|x64
		{BD65A2A9-E077-4EEC-AEB5-256687B926F1}.Debug|x86.ActiveCfg = Debug|Win32
		{BD65A2A9-E077-4EEC-AEB5-256687B926F1}.Debug|x86.Build.0 = Debug|Win32
		{BD65A2A9-E077-4EEC-AEB5-256687B926F1}.Default|x64.ActiveCfg = Default|x64
		{BD65A2A9-E077-4EEC-AEB5-256687B926F1}.Default|x64.Build.0 = Default|x64
		{BD65A2A9-E077-4EEC-AEB5-256687B926F1}.Default|x86.ActiveCfg = Default|Win32
		{BD65A2A9-E077-4EEC-AEB5-256687B926F1}.Default|x86.Build.0 = Default|Win32
		{BD65A2A9-E077-4EEC-AEB5-256687B926F1}.Release|x64.ActiveCfg = Release|x64
		{BD65A2A9-E077-4EEC-AEB5-256687B926F1}.Release|x64.Build.0 = Release|x64
		{BD65A2A9-E077-4EEC-AEB5-256687B926F1}.Release|x86.ActiveCfg = Release|Win32
		{BD65A2A9-E077-4EEC-AEB5-256687B926F1}.Release|x86.Build.0 = Release|Win32
		{2CBE7282-1C84-4FB1-8430-B1BA37D70495}.Debug|x64.ActiveCfg = Debug|x64
		{2CBE7282-1C84-4FB1-8430-B1BA37D70495}.Debug|x64.Build.0 = Debug|x64
		{2CBE7282-1C84-4FB1-8430-B1BA37D70495}.Debug|x86.ActiveCfg = Debug|Win32
		{2CBE7282-1C84-4FB1-8430-B1BA37D70495}.Debug|x86.Build.0 = Debug|Win32
		{2CBE7282-1C84-4FB1-8430-B1BA37D70495}.Default|x64.ActiveCfg = Default|x64
		{2CBE7282-1C84-4FB1-8430-B1BA37D70495}.Default|x64.Build.0 = Default|x64
		{2CBE7282-1C84-4FB1-8430-B1BA37D70495}.Default|x86.ActiveCfg = Default|Win32
		{2CBE7282-1C84-4FB1-8430-B1BA37D70495}.Default|x86.Build.0 = Default|Win32
		{2CBE7282-1C84-4FB1-8430-B1BA37D70495}.Release|x64.ActiveCfg = Release|x64
		{2CBE7282-1C84-4FB1-8430-B1BA37D70495}.Release|x64.Build.0 = Release|x64
		{2CBE7282-1C84-4FB1-8430-B1BA37D70495}.Release|x86.ActiveCfg = Release|Win32
		{2CBE7282-1C84-4FB1-8430-B1BA37D70495}.Release|x86.Build.0 = Release|Win32
		{F8582459-919E-4FBE-B921-F42B445375AC}.Debug|x64.ActiveCfg = Debug|x64
		{F8582459-919E-4FBE-B921-F42B445375AC}.Debug|x64.Build.0 = Debug|x64
		{F8582459-919E-4FBE-B921-F42B445375AC}.Debug|x86.ActiveCfg = Debug|Win32
		{F8582459-919E-4FBE-B921-F42B445375AC}.Debug|x86.Build.0 = Debug|Win32
		{F8582459-919E-4FBE-B921-F42B445375AC}.Default|x64.ActiveCfg = Debug|x64
		{F8582459-919E-4FBE-B921-F42B445375AC}.Default|x64.Build.0 = Debug|x64
		{F8582459-919E-4FBE-B921-F42B445375AC}.Default|x86.ActiveCfg = Debug|Win32
		{F8582459-919E-4FBE-B921-F42B445375AC}.Default|x86.Build.0 = Debug|Win32
		{F8582459-919E-4FBE-B921-F42B445375AC}.Release|x64.ActiveCfg = Release|x64
		{F8582459-919E-4FBE-B921-F42B445375AC}.Release|x64.Build.0 = Release|x64
		{F8582459-919E-4FBE-B921-F42B445375AC}.Release|x86.ActiveCfg = Release|Win32
		{F8582459-919E-4FBE-B921-F42B445375AC}.Release|x86.Build.0 = Release|Win32
		{C498D5A5-951F-4C21-B8A4-BB14770AAB6B}.Debug|x64.ActiveCfg = Debug|x64
		{C498D5A5-951F-4C21-B8A4-BB14770AAB6B}.Debug|x64.Build.0 = Debug|x64
		{C498D5A5-951F-4C21-B8A4-BB14770AAB6B}.Debug|x86.ActiveCfg = Debug|Win32
		{C498D5A5-951F-4C21-B8A4-BB14770AAB6B}.Debug|x86.Build.0 = Debug|Win32
		{C498D5A5-951F-4C21-B8A4-BB14770AAB6B}.Default|x64.ActiveCfg = Debug|x64
		{C498D5A5-951F-4C21-B8A4-BB14770AAB6B}.Default|x64.Build.0 = Debug|x64
		{C498D5A5-951F-4C21-B8A4-BB14770AAB6B}.Default|x86.ActiveCfg = Debug|Win32
		{C498D5A5-951F-4C21-B8A4-BB14770AAB6B}.Default|x86.Build.0 = Debug|Win32
		{C498D5A5-951F-4C21-B8A4-BB14770AAB6B}.Release|x64.ActiveCfg = Release|x64
		{C498D5A5-951F-4C21-B8A4-BB14770AAB6B}.Release|x64.Build.0 = Release|x64
		{C498D5A5-951F-4C21-B8A4-BB14770AAB6B}.Release|x86.ActiveCfg = Release|Win32
		{C498D5A5-951F-4C21-B8A4-BB14770AAB6B}.Release|x86.Build.0 = Release|Win32
		{1BC59654-BD53-4814-809D-C9501201136C}.Debug|x64.ActiveCfg = Debug|x64
		{1BC59654-BD53-4814-809D-C9501201136C}.Debug|x64.Build.0 = Debug|x64
		{1BC59654-BD53-4814-809D-C9501201136C}.Debug|x86.ActiveCfg = Debug|Win32
		{1BC59654-BD53-4814-809D-C9501201136C}.Debug|x86.Build.0 = Debug|Win32
		{1BC59654-BD53-4814-809D-C9501201136C}.Default|x64.ActiveCfg = Debug|x64
		{1BC59654-BD53-4814-809D-C9501201136C}.Default|x64.Build.0 = Debug|x64
		{1BC59654-BD53-4814-809D-C9501201136C}.Default|x86.ActiveCfg = Debug|Win32
		{1BC59654-BD53-4814-809D-C9501201136C}.Default|x86.Build.0 = Debug|Win32
		{1BC59654-BD53-4814-809D-C9501201136C}.Release|x64.ActiveCfg = Release|x64
		{1BC59654-BD53-4814-809D-C9501201136C}.Release|x64.Build.0 = Release|x64
		{1BC59654-BD53-4814-809D-C9501201136C}.Release|x86.ActiveCfg = Release|Win32
		{1BC59654-BD53-4814-809D-C9501201136C}.Release|x86.Build.0 = Release|Win32
		{047D0E09-7187-4408-A63A-6B661D5E10B9}.Debug|x64.ActiveCfg = Debug|x64
		{047D0E09-7187-4408-A63A-6B661D5E10B9}.Debug|x64.Build.0 = Debug|x64
		{047D0E09-7187-4408-A63A-6B661D5E10B9}.Debug|x86.ActiveCfg = Debug|Win32
		{047D0E09-7187-4408-A63A-6B661D5E10B9}.Debug|x86.Build.0 = Debug|Win32
		{047D0E09-7187-4408-A63A-6B661D5E10B9}.Default|x64.ActiveCfg = Debug|x64
		{047D0E09-7187-4408-A63A-6B661D5E10B9}.Default|x64.Build.0 = Debug|x64
		{047D0E09-7187-4408-A63A-6B661D5E10B9}.Default|x86.ActiveCfg = Debug|Win32
		{047D0E09-7187-4408-A63A-6B661D5E10B9}.Default|x86.Build.0 = Debug|Win32
		{047D0E09-7187-4408-A63A-6B661D5E10B9}.Release|x64.ActiveCfg = Release|x64
		{047D0E09-7187-4408-A63A-6B661D5E10B9}.Release|x64.Build.0 = Release|x64
		{047D0E09-7187-4408-A63A-6B661D5E10B9}.Release|x86.ActiveCfg = Release|Win32
		{047D0E09-7187-4408-A63A-6B661D5E10B9}.Release|x86.Build.0 = Release|Win32
		{943F2C5C-8461-4E86-B7FC-DF6479EF4396}.Debug|x64.ActiveCfg = Debug|x64
		{943F2C5C-8461-4E86-B7FC-DF6479EF4396}.Debug|x64.Build.0 = Debug|x64
		{943F2C5C-8461-4E86-B7FC-DF6479EF4396}.Debug|x86.ActiveCfg = Debug|Win32
		{943F2C5C-8461-4E86-B7FC-DF6479EF4396}.Debug|x86.Build.0 = Debug|Win32
		{943F2C5C-8461-4E86-B7FC-DF6479EF4396}.Default|x64.ActiveCfg = Debug|x64
		{943F2C5C-8461-4E86-B7FC-DF6479EF4396}.Default|x64.Build.0 = Debug|x64
		{943F2C5C-8461-4E86-B7FC-DF6479EF4396}.Default|x86.ActiveCfg = Debug|Win32
		{943F2C5C-8461-4E86-B7FC-DF6479EF4396}.Default|x86.Build.0 = Debug|Win32
		{943F2C5C-8461-4E86-B7FC-DF6479EF4396}.Release|x64.ActiveCfg = Release|x64
		{943F2C5C-8461-4E86-B7FC-DF6479EF4396}.Release|x64.Build.0 = Release|x64
		{943F2C5C-8461-4E86-B7FC-DF6479EF4396}.Release|x86.ActiveCfg = Release|Win32
		{943F2C5C-8461-4E86-B7FC-DF6479EF4396}.Release|x86.Build.0 = Release|Win32
		{640CB79F-B0E7-4967-B4AE-CF18E72AFADD}.Debug|x64.ActiveCfg = Debug|x64
		{640CB79F-B0E7-4967-B4AE-CF18E72AFADD}.Debug|x64.Build.0 = Debug|x64
		{640CB79F-B0E7-4967-B4AE-CF18E72AFADD}.Debug|x86.ActiveCfg = Debug|Win32
		{640CB79F-B0E7-4967-B4AE-CF18E72AFADD}.Debug|x86.Build.0 = Debug|Win32
		{640CB79F-B0E7-4967-B4AE-CF18E72AFADD}.Default|x64.ActiveCfg = Debug|x64
		{640CB79F-B0E7-4967-B4AE-CF18E72AFADD}.Default|x64.Build.0 = Debug|x64
		{640CB79F-B0E7-4967-B4AE-CF18E72AFADD}.Default|x86.ActiveCfg = Debug|Win32
		{640CB79F-B0E7-4967-B4AE-CF18E72AFADD}.Default|x86.Build.0 = Debug|Win32
		{640CB79F-B0E7-4967-B4AE-CF18E72AFADD}.Release|x64.ActiveCfg = Release|x64
		{640CB79F-B0E7-4967-B4AE-CF18E72AFADD}.Release|x64.Build.0 = Release|x64
		{640CB79F-B0E7-4967-B4AE-CF18E72AFADD}.Release|x86.ActiveCfg = Release|Win32
		{640CB79F-B0E7-4967-B4AE-CF18E72AFADD}.Release|x86.Build.0 = Release|Win32
		{A9BEBECD-F6C7-44CF-BE56-BE229A07FFDC}.Debug|x64.ActiveCfg = Debug|x64
		{A9BEBECD-F6C7-44CF-BE56-BE229A07FFDC}.Debug|x64.Build.0 = Debug|x64
		{A9BEBECD-F6C7-44CF-BE56-BE229A07FFDC}.Debug|x86.ActiveCfg = Debug|Win32
		{A9BEBECD-F6C7-44CF-BE56-BE229A07FFDC}.Debug|x86.Build.0 = Debug|Win32
		{A9BEBECD-F6C7-44CF-BE56-BE229A07FFDC}.Default|x64.ActiveCfg = Debug|x64
		{A9BEBECD-F6C7-44CF-BE56-BE229A07FFDC}.Default|x64.Build.0 = Debug|x64
		{A9BEBECD-F6C7-44CF-BE56-BE229A07FFDC}.Default|x86.ActiveCfg = Debug|Win32
		{A9BEBECD-F6C7-44CF-BE56-BE229A07FFDC}.Default|x86.Build.0 = Debug|Win32
		{A9BEBECD-F6C7-44CF-BE56-BE229A07FFDC}.Release|x64.ActiveCfg = Release|x64
		{A9BEBECD-F6C7-44CF-BE56-BE229A07FFDC}.Release|x64.Build.0 = Release|x64
		{A9BEBECD-F6C7-44CF-BE56-BE229A07FFDC}.Release|x86.ActiveCfg = Release|Win32
		{A9BEBECD-F6C7-44CF-BE56-BE229A07FFDC}.Release|x86.Build.0 = Release|Win32
		{D4612E0F-FF09-4125-B6B4-46EFD39EF9B0}.Debug|x64.ActiveCfg = Debug|x64
		{D4612E0F-FF09-4125-B6B4-46EFD39EF9B0}.Debug|x64.Build.0 = Debug|x64
		{D4612E0F-FF09-4125-B6B4-46EFD39EF9B0}.Debug|x86.ActiveCfg = Debug|Win32
		{D4612E0F-FF09-4125-B6B4-46EFD39EF9B0}.Debug|x86.Build.0 = Debug|Win32
		{D4612E0F-FF09-4125-B6B4-46EFD39EF9B0}.Default|x64.ActiveCfg = Debug|x64
		{D4612E0F-FF09-4125-B6B4-46EFD39EF9B0}.Default|x64.Build.0 = Debug|x64
		{D4612E0F-FF09-4125-B6B4-46EFD39EF9B0}.Default|x86.ActiveCfg = Debug|Win32
		{D4612E0F-FF09-4125-B6B4-46EFD39EF9B0}.Default|x86.Build.0 = Debug|Win32
		{D4612E0F-FF09-4125-B6B4-46EFD39EF9B0}.Release|x64.ActiveCfg = Release|x64
		{D4612E0F-FF09-4125-B6B4-46EFD39EF9B0}.Release|x64.Build.0 = Release|x64
		{D4612E0F-FF09-4125-B6B4-46EFD39EF9B0}.Release|x86.ActiveCfg = Release|Win32
		{D4612E0F-FF09-4125-B6B4-46EFD39EF9B0}.Release|x86.Build.0 = Release|Win32
		{762E844D-35F4-4123-866F-7105067A2E23}.Debug|x64.ActiveCfg = Debug|x64
		{762E844D-35F4-4123-866F-7105067A2E23}.Debug|x64.Build.0 = Debug|x64
		{762E844D-35F4-4123-866F-7105067A2E23}.Debug|x86.ActiveCfg = Debug|Win32
		{762E844D-35F4-4123-866F-7105067A2E23}.Debug|x86.Build.0 = Debug|Win32
		{762E844D-35F4-4123-866F-7105067A2E23}.Default|x64.ActiveCfg = Debug|x64
		{762E844D-35F4-4123-866F-7105067A2E23}.Default|x64.Build.0 = Debug|x64
		{762E844D-35F4-4123-866F-7105067A2E23}.Default|x86.ActiveCfg = Debug|Win32
		{762E844D-35F4-4123-866F-7105067A2E23}.Default|x86.Build.0 = Debug|Win32
		{762E844D-35F4-4123-866F-7105067A2E23}.Release|x64.ActiveCfg = Release|x64
		{762E844D-35F4-4123-866F-7105067A2E23}.Release|x64.Build.0 = Release|x64
		{762E844D-35F4-4123-866F-7105067A2E23}.Release|x86.ActiveCfg = Release|Win32
		{762E844D-35F4-4123-866F-7105067A2E23}.Release|x86.Build.0 = Release|Win32
		{327B0853-236F-4ECA-8E9F-CF4D53BE6FB0}.Debug|x64.ActiveCfg = Debug|x64
		{327B0853-236F-4ECA-8E9F-CF4D53BE6FB0}.Debug|x64.Build.0 = Debug|x64
		{327B0853-236F-4ECA-8E9F-CF4D53BE6FB0}.Debug|x86.ActiveCfg = Debug|Win32
		{327B0853-236F-4ECA-8E9F-CF4D53BE6FB0}.Debug|x86.Build.0 = Debug|Win32
		{327B0853-236F-4ECA-8E9F-CF4D53BE6FB0}.Default|x64.ActiveCfg = Debug|x64
		{327B0853-236F-4ECA-8E9F-CF4D53BE6FB0}.Default|x64.Build.0 = Debug|x64
		{327B0853-236F-4ECA-8E9F-CF4D53BE6FB0}.Default|x86.ActiveCfg = Debug|Win32
		{327B0853-236F-4ECA-8E9F-CF4D53BE6FB0}.Default|x86.Build.0 = Debug|Win32
		{327B0853-236F-4ECA-8E9F-CF4D53BE6FB0}.Release|x64.ActiveCfg = Release|x64
		{327B0853-236F-4ECA-8E9F-CF4D53BE6FB0}.Release|x64.Build.0 = Release|x64
		{327B0853-236F-4ECA-8E9F-CF4D53BE6FB0}.Release|x86.ActiveCfg = Release|Win32
		{327B0853-236F-4ECA-8E9F-CF4D53BE6FB0}.Release|x86.Build.0 = Release|Win32
		{1C4498CE-3489-4CF9-B72C-4857B3BB42F7}.Debug|x64.ActiveCfg = Debug|x64
		{1C4498CE-3489-4CF9-B72C-4857B3BB42F7}.Debug|x64.Build.0 = Debug|x64
		{1C4498CE-3489-4CF9-B72C-4857B3BB42F7}.Debug|x86.ActiveCfg = Debug|Win32
		{1C4498CE-3489-4CF9-B72C-4857B3BB42F7}.Debug|x86.Build.0 = Debug|Win32
		{1C4498CE-3489-4CF9-B72C-4857B3BB42F7}.Default|x64.ActiveCfg = Debug|x64
		{1C4498CE-3489-4CF9-B72C-4857B3BB42F7}.Default|x64.Build.0 = Debug|x64
		{1C4498CE-3489-4CF9-B72C-4857B3BB42F7}.Default|x86.ActiveCfg = Debug|Win32
		{1C4498CE-3489-4CF9-B72C-4857B3BB42F7}.Default|x86.Build.0 = Debug|Win32
		{1C4498CE-3489-4CF9-B72C-4857B3BB42F7}.Release|x64.ActiveCfg = Release|x64
		{1C4498CE-3489-4CF9-B72C-4857B3BB42F7}.Release|x64.Build.0 = Release|x64
		{1C4498CE-3489-4CF9-B72C-4857B3BB42F7}.Release|x86.ActiveCfg = Release|Win32
		{1C4498CE-3489-4CF9-B72C-4857B3BB42F7}.Release|x86.Build.0 = Release|Win32
		{121A0C77-213C-476A-A402-62BA2A183D03}.Debug|x64.ActiveCfg = Debug|x64
		{121A0C77-213C-476A-A402-62BA2A183D03}.Debug|x64.Build.0 = Debug|x64
		{121A0C77-213C-476A-A402-62BA2A183D03}.Debug|x86.ActiveCfg = Debug|Win32
		{121A0C77-213C-476A-A402-62BA2A183D03}.Debug|x86.Build.0 = Debug|Win32
		{121A0C77-213C-476A-A402-62BA2A183D03}.Default|x64.ActiveCfg = Debug|x64
		{121A0C77-213C-476A-A402-62BA2A183D03}.Default|x64.Build.0 = Debug|x64
		{121A0C77-213C-476A-A402-62BA2A183D03}.Default|x86.ActiveCfg = Debug|Win32
		{121A0C77-213C-476A-A402-62BA2A183D03}.Default|x86.Build.0 = Debug|Win32
		{121A0C77-213C-476A-A402-62BA2A183D03}.Release|x64.ActiveCfg = Release|x64
		{121A0C77-213C-476A-A402-62BA2A183D03}.Release|x64.Build.0 = Release|x64
		{121A0C77-213C-476A-A402-62BA2A183D03}.Release|x86.ActiveCfg = Release|Win32
		{121A0C77-213C-476A-A402-62BA2A183D03}.Release|x86.Build.0 = Release|Win32
		{1AD7950A-6183-412E-AEBB-D5C42B875136}.Debug|x64.ActiveCfg = Debug|x64
		{1AD7950A-6183-412E-AEBB-D5C42B875136}.Debug|x64.Build.0 = Debug|x64
		{1AD7950A-6183-412E-AEBB-D5C42B875136}.Debug|x86.ActiveCfg = Debug|Win32
		{1AD7950A-6183-412E-AEBB-D5C42B875136}.Debug|x86.Build.0 = Debug|Win32
		{1AD7950A-6183-412E-AEBB-D5C42B875136}.Default|x64.ActiveCfg = Debug|x64
		{1AD7950A-6183-412E-AEBB-D5C42B875136}.Default|x64.Build.0 = Debug|x64
		{1AD7950A-6183-412E-AEBB-D5C42B875136}.Default|x86.ActiveCfg = Debug|Win32
		{1AD7950A-6183-412E-AEBB-D5C42B875136}.Default|x86.Build.0 = Debug|Win32
		{1AD7950A-6183-412E-AEBB-D5C42B875136}.Release|x64.ActiveCfg = Release|x64
		{1AD7950A-6183-412E-AEBB-D5C42B875136}.Release|x64.Build.0 = Release|x64
		{1AD7950A-6183-412E-AEBB-D5C42B875136}.Release|x86.ActiveCfg = Release|Win32
		{1AD7950A-6183-412E-AEBB-D5C42B875136}.Release|x86.Build.0 = Release|Win32
		{1A4DC606-D594-4F9D-AF7F-48247A6BD5E1}.Debug|x64.ActiveCfg = Debug|x64
		{1A4DC606-D594-4F9D-AF7F-48247A6BD5E1}.Debug|x64.Build.0 = Debug|x64
		{1A4DC606-D594-4F9D-AF7F-48247A6BD5E1}.Debug|x86.ActiveCfg = Debug|Win32
		{1A4DC606-D594-4F9D-AF7F-48247A6BD5E1}.Debug|x86.Build.0 = Debug|Win32
		{1A4DC606-D594-4F9D-AF7F-48247A6BD5E1}.Default|x64.ActiveCfg = Debug|x64
		{1A4DC606-D594-4F9D-AF7F-48247A6BD5E1}.Default|x64.Build.0 = Debug|x64
		{1A4DC606-D594-4F9D-AF7F-48247A6BD5E1}.Default|x86.ActiveCfg = Debug|Win32
		{1A4DC606-D594-4F9D-AF7F-48247A6BD5E1}.Default|x86.Build.0 = Debug|Win32
		{1A4DC606-D594-4F9D-AF7F-48247A6BD5E1}.Release|x64.ActiveCfg = Release|x64
		{1A4DC606-D594-4F9D-AF7F-48247A6BD5E1}.Release|x64.Build.0 = Release|x64
		{1A4DC606-D594-4F9D-AF7F-48247A6BD5E1}.Release|x86.ActiveCfg = Release|Win32
		{1A4DC606-D594-4F9D-AF7F-48247A6BD5E1}.Release|x86.Build.0 = Release|Win32
		{1BF1545D-2BA2-42AC-83C3-7F53CA0EA7C4}.Debug|x64.ActiveCfg = Debug|x64
		{1BF1545D-2BA2-42AC-83C3-7F53CA0EA7C4}.Debug|x64.Build.0 = Debug|x64
		{1BF1545D-2BA2-42AC-83C3-7F53CA0EA7C4}.Debug|x86.ActiveCfg = Debug|Win32
		{1BF1545D-2BA2-42AC-83C3-7F53CA0EA7C4}.Debug|x86.Build.0 = Debug|Win32
		{1BF1545D-2BA2-42AC-83C3-7F53CA0EA7C4}.Default|x64.ActiveCfg = Debug|x64
		{1BF1545D-2BA2-42AC-83C3-7F53CA0EA7C4}.Default|x64.Build.0 = Debug|x64
		{1BF1545D-2BA2-42AC-83C3-7F53CA0EA7C4}.Default|x86.ActiveCfg = Debug|Win32
		{1BF1545D-2BA2-42AC-83C3-7F53CA0EA7C4}.Default|x86.Build.0 = Debug|Win32
		{1BF1545D-2BA2-42AC-83C3-7F53CA0EA7C4}.Release|x64.ActiveCfg = Release|x64
		{1BF1545D-2BA2-42AC-83C3-7F53CA0EA7C4}.Release|x64.Build.0 = Release|x64
		{1BF1545D-2BA2-42AC-83C3-7F53CA0EA7C4}.Release|x86.ActiveCfg = Release|Win32
		{1BF1545D-2BA2-42AC-83C3-7F53CA0EA7C4}.Release|x86.Build.0 = Release|Win32
		{23D70E6F-85E1-4EB4-9FF1-6297FB5A6BE1}.Debug|x64.ActiveCfg = Debug|x64
		{23D70E6F-85E1-4EB4-9FF1-6297FB5A6BE1}.Debug|x64.Build.0 = Debug|x64
		{23D70E6F-85E1-4EB4-9FF1-6297FB5A6BE1}.Debug|x86.ActiveCfg = Debug|Win32
		{23D70E6F-85E1-4EB4-9FF1-6297FB5A6BE1}.Debug|x86.Build.0 = Debug|Win32
		{23D70E6F-85E1-4EB4-9FF1-6297FB5A6BE1}.Default|x64.ActiveCfg = Debug|x64
		{23D70E6F-85E1-4EB4-9FF1-6297FB5A6BE1}.Default|x64.Build.0 = Debug|x64
		{23D70E6F-85E1-4EB4-9FF1-6297FB5A6BE1}.Default|x86.ActiveCfg = Debug|Win32
		{23D70E6F-85E1-4EB4-9FF1-6297FB5A6BE1}.Default|x86.Build.0 = Debug|Win32
		{23D70E6F-85E1-4EB4-9FF1-6297FB5A6BE1}.Release|x64.ActiveCfg = Release|x64
		{23D70E6F-85E1-4EB4-9FF1-6297FB5A6BE1}.Release|x64.Build.0 = Release|x64
		{23D70E6F-85E1-4EB4-9FF1-6297FB5A6BE1}.Release|x86.ActiveCfg = Release|Win32
		{23D70E6F-85E1-4EB4-9FF1-6297FB5A6BE1}.Release|x86.Build.0 = Release|Win32
		{FB1BC450-957D-4AEA-9684-44356BDF1DBC}.Debug|x64.ActiveCfg = Debug|x64
		{FB1BC450-957D-4AEA-9684-44356BDF1DBC}.Debug|x64.Build.0 = Debug|x64
		{FB1BC450-957D-4AEA-9684-44356BDF1DBC}.Debug|x86.ActiveCfg = Debug|Win32
		{FB1BC450-957D-4AEA-9684-44356BDF1DBC}.Debug|x86.Build.0 = Debug|Win32
		{FB1BC450-957D-4AEA-9684-44356BDF1DBC}.Default|x64.ActiveCfg = Debug|x64
		{FB1BC450-957D-4AEA-9684-44356BDF1DBC}.Default|x64.Build.0 = Debug|x64
		{FB1BC450-957D-4AEA-9684-44356BDF1DBC}.Default|x86.ActiveCfg = Debug|Win32
		{FB1BC450-957D-4AEA-9684-44356BDF1DBC}.Default|x86.Build.0 = Debug|Win32
		{FB1BC450-957D-4AEA-9684-44356BDF1DBC}.Release|x64.ActiveCfg = Release|x64
		{FB1BC450-957D-4AEA-9684-44356BDF1DBC}.Release|x64.Build.0 = Release|x64
		{FB1BC450-957D-4AEA-9684-44356BDF1DBC}.Release|x86.ActiveCfg = Release|Win32
		{FB1BC450-957D-4AEA-9684-44356BDF1DBC}.Release|x86.Build.0 = Release|Win32
		{90CAB142-EF63-4CB3-B588-3B649BE4B3F7}.Debug|x64.ActiveCfg = Debug|x64
		{90CAB142-EF63-4CB3-B588-3B649BE4B3F7}.Debug|x64.Build.0 = Debug|x64
		{90CAB142-EF63-4CB3-B588-3B649BE4B3F7}.Debug|x86.ActiveCfg = Debug|Win32
		{90CAB142-EF63-4CB3-B588-3B649BE4B3F7}.Debug|x86.Build.0 = Debug|Win32
		{90CAB142-EF63-4CB3-B588-3B649BE4B3F7}.Default|x64.ActiveCfg = Debug|x64
		{90CAB142-EF63-4CB3-B588-3B649BE4B3F7}.Default|x64.Build.0 = Debug|x64
		{90CAB142-EF63-4CB3-B588-3B649BE4B3F7}.Default|x86.ActiveCfg = Debug|Win32
		{90CAB142-EF63-4CB3-B588-3B649BE4B3F7}.Default|x86.Build.0 = Debug|Win32
		{90CAB142-EF63-4CB3-B588-3B649BE4B3F7}.Release|x64.ActiveCfg = Release|x64
		{90CAB142-EF63-4CB3-B588-3B649BE4B3F7}.Release|x64.Build.0 = Release|x64
		{90CAB142-EF63-4CB3-B588-3B649BE4B3F7}.Release|x86.ActiveCfg = Release|Win32
		{90CAB142-EF63-4CB3-B588-3B649BE4B3F7}.Release|x86.Build.0 = Release|Win32
		{E295611A-4F82-4AB6-AC6C-4978596641FB}.Debug|x64.ActiveCfg = Debug|x64
		{E295611A-4F82-4AB6-AC6C-4978596641FB}.Debug|x64.Build.0 = Debug|x64
		{E295611A-4F82-4AB6-AC6C-4978596641FB}.Debug|x86.ActiveCfg = Debug|Win32
		{E295611A-4F82-4AB6-AC6C-4978596641FB}.Debug|x86.Build.0 = Debug|Win32
		{E295611A-4F82-4AB6-AC6C-4978596641FB}.Default|x64.ActiveCfg = Debug|x64
		{E295611A-4F82-4AB6-AC6C-4978596641FB}.Default|x64.Build.0 = Debug|x64
		{E295611A-4F82-4AB6-AC6C-4978596641FB}.Default|x86.ActiveCfg = Debug|Win32
		{E295611A-4F82-4AB6-AC6C-4978596641FB}.Default|x86.Build.0 = Debug|Win32
		{E295611A-4F82-4AB6-AC6C-4978596641FB}.Release|x64.ActiveCfg = Release|x64
		{E295611A-4F82-4AB6-AC6C-4978596641FB}.Release|x64.Build.0 = Release|x64
		{E295611A-4F82-4AB6-AC6C-4978596641FB}.Release|x86.ActiveCfg = Release|Win32
		{E295611A-4F82-4AB6-AC6C-4978596641FB}.Release|x86.Build.0 = Release|Win32
		{53FF9E8B-3C5C-4EE5-897D-DCAE103019A7}.Debug|x64.ActiveCfg = Debug|x64
		{53FF9E8B-3C5C-4EE5-897D-DCAE103019A7}.Debug|x64.Build.0 = Debug|x64
		{53FF9E8B-3C5C-4EE5-897D-DCAE103019A7}.Debug|x86.ActiveCfg = Debug|Win32
		{53FF9E8B-3C5C-4EE5-897D-DCAE103019A7}.Debug|x86.Build.0 = Debug|Win32
		{53FF9E8B-3C5C-4EE5-897D-DCAE103019A7}.Default|x64.ActiveCfg = Debug|x64
		{53FF9E8B-3C5C-4EE5-897D-DCAE103019A7}.Default|x64.Build.0 = Debug|x64
		{53FF9E8B-3C5C-4EE5-897D-DCAE103019A7}.Default|x86.ActiveCfg = Debug|Win32
		{53FF9E8B-3C5C-4EE5-897D-DCAE103019A7}.Default|x86.Build.0 = Debug|Win32
		{53FF9E8B-3C5C-4EE5-897D-DCAE103019A7}.Release|x64.ActiveCfg = Release|x64
		{53FF9E8B-3C5C-4EE5-897D-DCAE103019A7}.Release|x64.Build.0 = Release|x64
		{53FF9E8B-3C5C-4EE5-897D-DCAE103019A7}.Release|x86.ActiveCfg = Release|Win32
		{53FF9E8B-3C5C-4EE5-897D-DCAE103019A7}.Release|x86.Build.0 = Release|Win32
		{E4C0E6A5-C261-4B20-B8AA-5B5300DE2D1C}.Debug|x64.ActiveCfg = Debug|x64
		{E4C0E6A5-C261-4B20-B8AA-5B5300DE2D1C}.Debug|x64.Build.0 = Debug|x64
		{E4C0E6A5-C261-4B20-B8AA-5B5300DE2D1C}.Debug|x86.ActiveCfg = Debug|Win32
		{E4C0E6A5-C261-4B20-B8AA-5B5300DE2D1C}.Debug|x86.Build.0 = Debug|Win32
		{E4C0E6A5-C261-4B20-B8AA-5B5300DE2D1C}.Default|x64.ActiveCfg = Debug|x64
		{E4C0E6A5-C261-4B20-B8AA-5B5300DE2D1C}.Default|x64.Build.0 = Debug|x64
		{E4C0E6A5-C261-4B20-B8AA-5B5300DE2D1C}.Default|x86.ActiveCfg = Debug|Win32
		{E4C0E6A5-C261-4B20-B8AA-5B5300DE2D1C}.Default|x86.Build.0 = Debug|Win32
		{E4C0E6A5-C261-4B20-B8AA-5B5300DE2D1C}.Release|x64.ActiveCfg = Release|x64
		{E4C0E6A5-C261-4B20-B8AA-5B5300DE2D1C}.Release|x64.Build.0 = Release|x64
		{E4C0E6A5-C261-4B20-B8AA-5B5300DE2D1C}.Release|x86.ActiveCfg = Release|Win32
		{E4C0E6A5-C261-4B20-B8AA-5B5300DE2D1C}.Release|x86.Build.0 = Release|Win32
		{740FF9B9-03CA-486A-B9EA-601FCFBBE936}.Debug|x64.ActiveCfg = Debug|x64
		{740FF9B9-03CA-486A-B9EA-601FCFBBE936}.Debug|x64.Build.0 = Debug|x64
		{740FF9B9-03CA-486A-B9EA-601FCFBBE936}.Debug|x86.ActiveCfg = Debug|Win32
		{740FF9B9-03CA-486A-B9EA-601FCFBBE936}.Debug|x86.Build.0 = Debug|Win32
		{740FF9B9-03CA-486A-B9EA-601FCFBBE936}.Default|x64.ActiveCfg = Debug|x64
		{740FF9B9-03CA-486A-B9EA-601FCFBBE936}.Default|x64.Build.0 = Debug|x64
		{740FF9B9-03CA-486A-B9EA-601FCFBBE936}.Default|x86.ActiveCfg = Debug|Win32
		{740FF9B9-03CA-486A-B9EA-601FCFBBE936}.Default|x86.Build.0 = Debug|Win32
		{740FF9B9-03CA-486A-B9EA-601FCFBBE936}.Release|x64.ActiveCfg = Release|x64
		{740FF9B9-03CA-486A-B9EA-601FCFBBE936}.Release|x64.Build.0 = Release|x64
		{740FF9B9-03CA-486A-B9EA-601FCFBBE936}.Release|x86.ActiveCfg = Release|Win32
		{740FF9B9-03CA-486A-B9EA-601FCFBBE936}.Release|x86.Build.0 = Release|Win32
		{7E12DC0A-1F6A-4EB2-B278-1B5B80560829}.Debug|x64.ActiveCfg = Debug|x64
		{7E12DC0A-1F6A-4EB2-B278-1B5B80560829}.Debug|x64.Build.0 = Debug|x64
		{7E12DC0A-1F6A-4EB2-B278-1B5B80560829}.Debug|x86.ActiveCfg = Debug|Win32
		{7E12DC0A-1F6A-4EB2-B278-1B5B80560829}.Debug|x86.Build.0 = Debug|Win32
		{7E12DC0A-1F6A-4EB2-B278-1B5B80560829}.Default|x64.ActiveCfg = Debug|x64
		{7E12DC0A-1F6A-4EB2-B278-1B5B80560829}.Default|x64.Build.0 = Debug|x64
		{7E12DC0A-1F6A-4EB2-B278-1B5B80560829}.Default|x86.ActiveCfg = Debug|Win32
		{7E12DC0A-1F6A-4EB2-B278-1B5B80560829}.Default|x86.Build.0 = Debug|Win32
		{7E12DC0A-1F6A-4EB2-B278-1B5B80560829}.Release|x64.ActiveCfg = Release|x64
		{7E12DC0A-1F6A-4EB2-B278-1B5B80560829}.Release|x64.Build.0 = Release|x64
		{7E12DC0A-1F6A-4EB2-B278-1B5B80560829}.Release|x86.ActiveCfg = Release|Win32
		{7E12DC0A-1F6A-4EB2-B278-1B5B80560829}.Release|x86.Build.0 = Release|Win32
		{F3073B4A-59D7-4675-AAE1-548B28D5F15D}.Debug|x64.ActiveCfg = Debug|x64
		{F3073B4A-59D7-4675-AAE1-548B28D5F15D}.Debug|x64.Build.0 = Debug|x64
		{F3073B4A-59D7-4675-AAE1-548B28D5F15D}.Debug|x86.ActiveCfg = Debug|Win32
		{F3073B4A-59D7-4675-AAE1-548B28D5F15D}.Debug|x86.Build.0 = Debug|Win32
		{F3073B4A-59D7-4675-AAE1-548B28D5F15D}.Default|x64.ActiveCfg = Debug|x64
		{F3073B4A-59D7-4675-AAE1-548B28D5F15D}.Default|x64.Build.0 = Debug|x64
		{F3073B4A-59D7-4675-AAE1-548B28D5F15D}.Default|x86.ActiveCfg = Debug|Win32
		{F3073B4A-59D7-4675-AAE1-548B28D5F15D}.Default|x86.Build.0 = Debug|Win32
		{F3073B4A-59D7-4675-AAE1-548B28D5F15D}.Release|x64.ActiveCfg = Release|x64
		{F3073B4A-59D7-4675-AAE1-548B28D5F15D}.Release|x64.Build.0 = Release|x64
		{F3073B4A-59D7-4675-AAE1-548B28D5F15D}.Release|x86.ActiveCfg = Release|Win32
		{F3073B4A-59D7-4675-AAE1-548B28D5F15D}.Release|x86.Build.0 = Release|Win32
		{9ABCE52E-1FF1-41CA-B31B-BD20214FDD52}.Debug|x64.ActiveCfg = Debug|x64
		{9ABCE52E-1FF1-41CA-B31B-BD20214FDD52}.Debug|x64.Build.0 = Debug|x64
		{9ABCE52E-1FF1-41CA-B31B-BD20214FDD52}.Debug|x86.ActiveCfg = Debug|Win32
		{9ABCE52E-1FF1-41CA-B31B-BD20214FDD52}.Debug|x86.Build.0 = Debug|Win32
		{9ABCE52E-1FF1-41CA-B31B-BD20214FDD52}.Default|x64.ActiveCfg = Debug|x64
		{9ABCE52E-1FF1-41CA-B31B-BD20214FDD52}.Default|x64.Build.0 = Debug|x64
		{9ABCE52E-1FF1-41CA-B31B-BD20214FDD52}.Default|x86.ActiveCfg = Debug|Win32
		{9ABCE52E-1FF1-41CA-B31B-BD20214FDD52}.Default|x86.Build.0 = Debug|Win32
		{9ABCE52E-1FF1-41CA-B31B-BD20214FDD52}.Release|x64.ActiveCfg = Release|x64
		{9ABCE52E-1FF1-41CA-B31B-BD20214FDD52}.Release|x64.Build.0 = Release|x64
		{9ABCE52E-1FF1-41CA-B31B-BD20214FDD52}.Release|x86.ActiveCfg = Release|Win32
		{9ABCE52E-1FF1-41CA-B31B-BD20214FDD52}.Release|x86.Build.0 = Release|Win32
		{DE22EC81-4554-4B89-AC92-77537C9BAF23}.Debug|x64.ActiveCfg = Debug|x64
		{DE22EC81-4554-4B89-AC92-77537C9BAF23}.Debug|x64.Build.0 = Debug|x64
		{DE22EC81-4554-4B89-AC92-77537C9BAF23}.Debug|x86.ActiveCfg = Debug|Win32
		{DE22EC81-4554-4B89-AC92-77537C9BAF23}.Debug|x86.Build.0 = Debug|Win32
		{DE22EC81-4554-4B89-AC92-77537C9BAF23}.Default|x64.ActiveCfg = Debug|x64
		{DE22EC81-4554-4B89-AC92-77537C9BAF23}.Default|x64.Build.0 = Debug|x64
		{DE22EC81-4554-4B89-AC92-77537C9BAF23}.Default|x86.ActiveCfg = Debug|Win32
		{DE22EC81-4554-4B89-AC92-77537C9BAF23}.Default|x86.Build.0 = Debug|Win32
		{DE22EC81-4554-4B89-AC92-77537C9BAF23}.Release|x64.ActiveCfg = Release|x64
		{DE22EC81-4554-4B89-AC92-77537C9BAF23}.Release|x64.Build.0 = Release|x64
		{DE22EC81-4554-4B89-AC92-77537C9BAF23}.Release|x86.ActiveCfg = Release|Win32
		{DE22EC81-4554-4B89-AC92-77537C9BAF23}.Release|x86.Build.0 = Release|Win32
	EndGlobalSection
	GlobalSection(SolutionProperties) = preSolution
		HideSolutionNode = FALSE
	EndGlobalSection
	GlobalSection(NestedProjects) = preSolution
		{83C985CB-033C-4033-BEFE-E5710BA059E5} = {E24CC7B1-C759-4474-B4C1-EC2EBE192345}
		{A953F914-F802-45D6-B8AA-E70EDBE925DC} = {E24CC7B1-C759-4474-B4C1-EC2EBE192345}
		{8B708090-928C-485A-947F-D66B426F7748} = {E24CC7B1-C759-4474-B4C1-EC2EBE192345}
		{373A229D-4022-45DF-8878-12539B9D4CD2} = {E24CC7B1-C759-4474-B4C1-EC2EBE192345}
		{F1F0F90F-1DE3-446A-92AD-AD255AA868FE} = {E24CC7B1-C759-4474-B4C1-EC2EBE192345}
		{F1F60176-8C89-4F6D-B7EC-28E63EA6738E} = {E24CC7B1-C759-4474-B4C1-EC2EBE192345}
		{AB6B5ABD-CAA2-4D33-B6E6-F77D5BCAECA2} = {9139C757-3127-4646-80BD-0D2E4A6A9823}
		{B759A98D-8154-4571-847C-7375316DA24F} = {9139C757-3127-4646-80BD-0D2E4A6A9823}
		{B41C0D37-EF10-4027-8841-E36A36A653F0} = {9139C757-3127-4646-80BD-0D2E4A6A9823}
		{BD65A2A9-E077-4EEC-AEB5-256687B926F1} = {9139C757-3127-4646-80BD-0D2E4A6A9823}
		{2CBE7282-1C84-4FB1-8430-B1BA37D70495} = {9139C757-3127-4646-80BD-0D2E4A6A9823}
		{AFD43EF7-59B6-4C37-9A91-134663CE2E9B} = {01CE1EA3-B7FB-4BEF-8F87-F8F270D95A19}
		{F8582459-919E-4FBE-B921-F42B445375AC} = {AFD43EF7-59B6-4C37-9A91-134663CE2E9B}
		{C498D5A5-951F-4C21-B8A4-BB14770AAB6B} = {AFD43EF7-59B6-4C37-9A91-134663CE2E9B}
		{1BC59654-BD53-4814-809D-C9501201136C} = {AFD43EF7-59B6-4C37-9A91-134663CE2E9B}
		{047D0E09-7187-4408-A63A-6B661D5E10B9} = {AFD43EF7-59B6-4C37-9A91-134663CE2E9B}
		{943F2C5C-8461-4E86-B7FC-DF6479EF4396} = {E24CC7B1-C759-4474-B4C1-EC2EBE192345}
		{640CB79F-B0E7-4967-B4AE-CF18E72AFADD} = {AFD43EF7-59B6-4C37-9A91-134663CE2E9B}
		{A9BEBECD-F6C7-44CF-BE56-BE229A07FFDC} = {E24CC7B1-C759-4474-B4C1-EC2EBE192345}
		{D4612E0F-FF09-4125-B6B4-46EFD39EF9B0} = {94054C9B-E08E-4860-9B7B-9C2890B57D6E}
		{516CC616-6637-4D02-8D1F-AE3387FA03F4} = {01CE1EA3-B7FB-4BEF-8F87-F8F270D95A19}
		{762E844D-35F4-4123-866F-7105067A2E23} = {516CC616-6637-4D02-8D1F-AE3387FA03F4}
		{327B0853-236F-4ECA-8E9F-CF4D53BE6FB0} = {94054C9B-E08E-4860-9B7B-9C2890B57D6E}
		{1C4498CE-3489-4CF9-B72C-4857B3BB42F7} = {516CC616-6637-4D02-8D1F-AE3387FA03F4}
		{121A0C77-213C-476A-A402-62BA2A183D03} = {1983A193-04E5-45E1-8D03-17B23735A843}
		{0C450153-1632-4D60-912E-226EB17EF9DD} = {01CE1EA3-B7FB-4BEF-8F87-F8F270D95A19}
		{1AD7950A-6183-412E-AEBB-D5C42B875136} = {0C450153-1632-4D60-912E-226EB17EF9DD}
		{1A4DC606-D594-4F9D-AF7F-48247A6BD5E1} = {213A8C52-F488-4F0C-B6B9-56E12B8D801A}
		{DD2263AD-9950-47B4-ACB2-F03644FB0CF8} = {01CE1EA3-B7FB-4BEF-8F87-F8F270D95A19}
		{1BF1545D-2BA2-42AC-83C3-7F53CA0EA7C4} = {DD2263AD-9950-47B4-ACB2-F03644FB0CF8}
		{23D70E6F-85E1-4EB4-9FF1-6297FB5A6BE1} = {213A8C52-F488-4F0C-B6B9-56E12B8D801A}
		{FB1BC450-957D-4AEA-9684-44356BDF1DBC} = {DD2263AD-9950-47B4-ACB2-F03644FB0CF8}
		{CFDF5437-DB8F-433C-A63B-CCDB0F0B449F} = {01CE1EA3-B7FB-4BEF-8F87-F8F270D95A19}
		{90CAB142-EF63-4CB3-B588-3B649BE4B3F7} = {E02536C2-0C7E-4FAA-821C-270D8FC22A79}
		{E295611A-4F82-4AB6-AC6C-4978596641FB} = {CFDF5437-DB8F-433C-A63B-CCDB0F0B449F}
		{53FF9E8B-3C5C-4EE5-897D-DCAE103019A7} = {E02536C2-0C7E-4FAA-821C-270D8FC22A79}
		{E4C0E6A5-C261-4B20-B8AA-5B5300DE2D1C} = {CFDF5437-DB8F-433C-A63B-CCDB0F0B449F}
		{740FF9B9-03CA-486A-B9EA-601FCFBBE936} = {A911C8DF-25F9-4200-8F89-0ACB8594E6A8}
		{AE4F102D-2CCE-4D4A-B8E8-07B0A7EA9CF2} = {01CE1EA3-B7FB-4BEF-8F87-F8F270D95A19}
		{7E12DC0A-1F6A-4EB2-B278-1B5B80560829} = {AE4F102D-2CCE-4D4A-B8E8-07B0A7EA9CF2}
		{F3073B4A-59D7-4675-AAE1-548B28D5F15D} = {A911C8DF-25F9-4200-8F89-0ACB8594E6A8}
		{9ABCE52E-1FF1-41CA-B31B-BD20214FDD52} = {AE4F102D-2CCE-4D4A-B8E8-07B0A7EA9CF2}
		{DE22EC81-4554-4B89-AC92-77537C9BAF23} = {A911C8DF-25F9-4200-8F89-0ACB8594E6A8}
	EndGlobalSection
	GlobalSection(ExtensibilityGlobals) = postSolution
		SolutionGuid = {9BC9452D-328D-409F-80A6-98DC02D79E89}
	EndGlobalSection
EndGlobal
