
Microsoft Visual Studio Solution File, Format Version 12.00
# Visual Studio Version 17
VisualStudioVersion = 17.0.32126.317
MinimumVisualStudioVersion = 10.0.40219.1
Project("{8BC9CEB8-8B4A-11D0-8D11-00A0C91BC942}") = "replace", "labs\lab1\replace\replace.vcxproj", "{2CBE7282-1C84-4FB1-8430-B1BA37D70495}"
EndProject
Project("{8BC9CEB8-8B4A-11D0-8D11-00A0C91BC942}") = "invert", "labs\lab1\invert\invert.vcxproj", "{B41C0D37-EF10-4027-8841-E36A36A653F0}"
EndProject
Project("{2150E333-8FDC-42A3-9474-1A3956D46DE8}") = "lab1", "lab1", "{9139C757-3127-4646-80BD-0D2E4A6A9823}"
EndProject
Project("{8BC9CEB8-8B4A-11D0-8D11-00A0C91BC942}") = "radix", "labs\lab1\radix\radix.vcxproj", "{BD65A2A9-E077-4EEC-AEB5-256687B926F1}"
EndProject
Project("{8BC9CEB8-8B4A-11D0-8D11-00A0C91BC942}") = "crypt", "labs\lab1\crypt\crypt.vcxproj", "{AB6B5ABD-CAA2-4D33-B6E6-F77D5BCAECA2}"
EndProject
Project("{8BC9CEB8-8B4A-11D0-8D11-00A0C91BC942}") = "fill", "labs\lab1\fill\fill.vcxproj", "{B759A98D-8154-4571-847C-7375316DA24F}"
EndProject
Project("{2150E333-8FDC-42A3-9474-1A3956D46DE8}") = "lab2", "lab2", "{E24CC7B1-C759-4474-B4C1-EC2EBE192345}"
EndProject
Global
	GlobalSection(SolutionConfigurationPlatforms) = preSolution
		Debug|x64 = Debug|x64
		Debug|x86 = Debug|x86
		Release|x64 = Release|x64
		Release|x86 = Release|x86
	EndGlobalSection
	GlobalSection(ProjectConfigurationPlatforms) = postSolution
		{2CBE7282-1C84-4FB1-8430-B1BA37D70495}.Debug|x64.ActiveCfg = Debug|x64
		{2CBE7282-1C84-4FB1-8430-B1BA37D70495}.Debug|x64.Build.0 = Debug|x64
		{2CBE7282-1C84-4FB1-8430-B1BA37D70495}.Debug|x86.ActiveCfg = Debug|Win32
		{2CBE7282-1C84-4FB1-8430-B1BA37D70495}.Debug|x86.Build.0 = Debug|Win32
		{2CBE7282-1C84-4FB1-8430-B1BA37D70495}.Release|x64.ActiveCfg = Release|x64
		{2CBE7282-1C84-4FB1-8430-B1BA37D70495}.Release|x64.Build.0 = Release|x64
		{2CBE7282-1C84-4FB1-8430-B1BA37D70495}.Release|x86.ActiveCfg = Release|Win32
		{2CBE7282-1C84-4FB1-8430-B1BA37D70495}.Release|x86.Build.0 = Release|Win32
		{B41C0D37-EF10-4027-8841-E36A36A653F0}.Debug|x64.ActiveCfg = Debug|x64
		{B41C0D37-EF10-4027-8841-E36A36A653F0}.Debug|x64.Build.0 = Debug|x64
		{B41C0D37-EF10-4027-8841-E36A36A653F0}.Debug|x86.ActiveCfg = Debug|Win32
		{B41C0D37-EF10-4027-8841-E36A36A653F0}.Debug|x86.Build.0 = Debug|Win32
		{B41C0D37-EF10-4027-8841-E36A36A653F0}.Release|x64.ActiveCfg = Release|x64
		{B41C0D37-EF10-4027-8841-E36A36A653F0}.Release|x64.Build.0 = Release|x64
		{B41C0D37-EF10-4027-8841-E36A36A653F0}.Release|x86.ActiveCfg = Release|Win32
		{B41C0D37-EF10-4027-8841-E36A36A653F0}.Release|x86.Build.0 = Release|Win32
		{BD65A2A9-E077-4EEC-AEB5-256687B926F1}.Debug|x64.ActiveCfg = Debug|x64
		{BD65A2A9-E077-4EEC-AEB5-256687B926F1}.Debug|x64.Build.0 = Debug|x64
		{BD65A2A9-E077-4EEC-AEB5-256687B926F1}.Debug|x86.ActiveCfg = Debug|Win32
		{BD65A2A9-E077-4EEC-AEB5-256687B926F1}.Debug|x86.Build.0 = Debug|Win32
		{BD65A2A9-E077-4EEC-AEB5-256687B926F1}.Release|x64.ActiveCfg = Release|x64
		{BD65A2A9-E077-4EEC-AEB5-256687B926F1}.Release|x64.Build.0 = Release|x64
		{BD65A2A9-E077-4EEC-AEB5-256687B926F1}.Release|x86.ActiveCfg = Release|Win32
		{BD65A2A9-E077-4EEC-AEB5-256687B926F1}.Release|x86.Build.0 = Release|Win32
		{AB6B5ABD-CAA2-4D33-B6E6-F77D5BCAECA2}.Debug|x64.ActiveCfg = Debug|x64
		{AB6B5ABD-CAA2-4D33-B6E6-F77D5BCAECA2}.Debug|x64.Build.0 = Debug|x64
		{AB6B5ABD-CAA2-4D33-B6E6-F77D5BCAECA2}.Debug|x86.ActiveCfg = Debug|Win32
		{AB6B5ABD-CAA2-4D33-B6E6-F77D5BCAECA2}.Debug|x86.Build.0 = Debug|Win32
		{AB6B5ABD-CAA2-4D33-B6E6-F77D5BCAECA2}.Release|x64.ActiveCfg = Release|x64
		{AB6B5ABD-CAA2-4D33-B6E6-F77D5BCAECA2}.Release|x64.Build.0 = Release|x64
		{AB6B5ABD-CAA2-4D33-B6E6-F77D5BCAECA2}.Release|x86.ActiveCfg = Release|Win32
		{AB6B5ABD-CAA2-4D33-B6E6-F77D5BCAECA2}.Release|x86.Build.0 = Release|Win32
		{B759A98D-8154-4571-847C-7375316DA24F}.Debug|x64.ActiveCfg = Debug|x64
		{B759A98D-8154-4571-847C-7375316DA24F}.Debug|x64.Build.0 = Debug|x64
		{B759A98D-8154-4571-847C-7375316DA24F}.Debug|x86.ActiveCfg = Debug|Win32
		{B759A98D-8154-4571-847C-7375316DA24F}.Debug|x86.Build.0 = Debug|Win32
		{B759A98D-8154-4571-847C-7375316DA24F}.Release|x64.ActiveCfg = Release|x64
		{B759A98D-8154-4571-847C-7375316DA24F}.Release|x64.Build.0 = Release|x64
		{B759A98D-8154-4571-847C-7375316DA24F}.Release|x86.ActiveCfg = Release|Win32
		{B759A98D-8154-4571-847C-7375316DA24F}.Release|x86.Build.0 = Release|Win32
	EndGlobalSection
	GlobalSection(SolutionProperties) = preSolution
		HideSolutionNode = FALSE
	EndGlobalSection
	GlobalSection(NestedProjects) = preSolution
		{2CBE7282-1C84-4FB1-8430-B1BA37D70495} = {9139C757-3127-4646-80BD-0D2E4A6A9823}
		{B41C0D37-EF10-4027-8841-E36A36A653F0} = {9139C757-3127-4646-80BD-0D2E4A6A9823}
		{BD65A2A9-E077-4EEC-AEB5-256687B926F1} = {9139C757-3127-4646-80BD-0D2E4A6A9823}
		{AB6B5ABD-CAA2-4D33-B6E6-F77D5BCAECA2} = {9139C757-3127-4646-80BD-0D2E4A6A9823}
		{B759A98D-8154-4571-847C-7375316DA24F} = {9139C757-3127-4646-80BD-0D2E4A6A9823}
	EndGlobalSection
	GlobalSection(ExtensibilityGlobals) = postSolution
		SolutionGuid = {9BC9452D-328D-409F-80A6-98DC02D79E89}
	EndGlobalSection
EndGlobal
