<?xml version="1.0" encoding="utf-8"?>
<Project ToolsVersion="4.0" xmlns="http://schemas.microsoft.com/developer/msbuild/2003">
  <ItemGroup>
    <Filter Include="Source Files">
      <UniqueIdentifier>{4FC737F1-C7A5-4376-A066-2A32D752A2FF}</UniqueIdentifier>
      <Extensions>cpp;c;cc;cxx;c++;cppm;ixx;def;odl;idl;hpj;bat;asm;asmx</Extensions>
    </Filter>
    <Filter Include="Header Files">
      <UniqueIdentifier>{93995380-89BD-4b04-88EB-625FBE52EBFB}</UniqueIdentifier>
      <Extensions>h;hh;hpp;hxx;h++;hm;inl;inc;ipp;xsd</Extensions>
    </Filter>
    <Filter Include="Resource Files">
      <UniqueIdentifier>{67DA6AB6-F800-4c08-8B7A-83BB121AAD01}</UniqueIdentifier>
      <Extensions>rc;ico;cur;bmp;dlg;rc2;rct;bin;rgs;gif;jpg;jpeg;jpe;resx;tiff;tif;png;wav;mfcribbon-ms</Extensions>
    </Filter>
    <Filter Include="Header Files\Shapes">
      <UniqueIdentifier>{033e2a07-1a01-4952-8ede-604b2395178c}</UniqueIdentifier>
    </Filter>
    <Filter Include="Source Files\Shapes">
      <UniqueIdentifier>{52e6c128-463c-472c-a2a6-a79d6b0229b9}</UniqueIdentifier>
    </Filter>
    <Filter Include="Header Files\Shapes\Interface">
      <UniqueIdentifier>{6f5ceebd-ed99-42c8-b467-e0ea5193d504}</UniqueIdentifier>
    </Filter>
    <Filter Include="Header Files\Shapes\Implementation">
      <UniqueIdentifier>{78637751-2812-4fd2-917a-4b4b762eb559}</UniqueIdentifier>
    </Filter>
  </ItemGroup>
  <ItemGroup>
    <ClCompile Include="headers\pch.cpp">
      <Filter>Header Files</Filter>
    </ClCompile>
    <ClCompile Include="main.cpp" />
    <ClCompile Include="src\shapes\Circle.cpp">
      <Filter>Source Files\Shapes</Filter>
    </ClCompile>
    <ClCompile Include="src\shapes\LineSegment.cpp">
      <Filter>Source Files\Shapes</Filter>
    </ClCompile>
    <ClCompile Include="src\shapes\Point.cpp">
      <Filter>Source Files\Shapes</Filter>
    </ClCompile>
    <ClCompile Include="src\shapes\Rectangle.cpp">
      <Filter>Source Files\Shapes</Filter>
    </ClCompile>
    <ClCompile Include="src\shapes\Triangle.cpp">
      <Filter>Source Files\Shapes</Filter>
    </ClCompile>
    <ClCompile Include="src\ShapeContainer.cpp">
      <Filter>Source Files</Filter>
    </ClCompile>
  </ItemGroup>
  <ItemGroup>
    <ClInclude Include="headers\pch.h">
      <Filter>Header Files</Filter>
    </ClInclude>
    <ClInclude Include="headers\shapes\Point.h">
      <Filter>Header Files\Shapes</Filter>
    </ClInclude>
    <ClInclude Include="headers\shapes\LineSegment.h">
      <Filter>Header Files\Shapes</Filter>
    </ClInclude>
    <ClInclude Include="headers\shapes\Triangle.h">
      <Filter>Header Files\Shapes</Filter>
    </ClInclude>
    <ClInclude Include="headers\shapes\Rectangle.h">
      <Filter>Header Files\Shapes</Filter>
    </ClInclude>
    <ClInclude Include="headers\shapes\Circle.h">
      <Filter>Header Files\Shapes</Filter>
    </ClInclude>
    <ClInclude Include="headers\ShapesContainer.h">
      <Filter>Header Files</Filter>
    </ClInclude>
    <ClInclude Include="headers\shapes\ICircle.h">
      <Filter>Header Files\Shapes\Interface</Filter>
    </ClInclude>
    <ClInclude Include="headers\shapes\ILineSegment.h">
      <Filter>Header Files\Shapes\Interface</Filter>
    </ClInclude>
    <ClInclude Include="headers\shapes\IRectangle.h">
      <Filter>Header Files\Shapes\Interface</Filter>
    </ClInclude>
    <ClInclude Include="headers\shapes\IShape.h">
      <Filter>Header Files\Shapes\Interface</Filter>
    </ClInclude>
    <ClInclude Include="headers\shapes\ISolidShape.h">
      <Filter>Header Files\Shapes\Interface</Filter>
    </ClInclude>
    <ClInclude Include="headers\shapes\ITriangle.h">
      <Filter>Header Files\Shapes\Interface</Filter>
    </ClInclude>
    <ClInclude Include="headers\shapes\ShapeImpl.hpp">
      <Filter>Header Files\Shapes\Implementation</Filter>
    </ClInclude>
    <ClInclude Include="headers\shapes\SolidShapeImpl.hpp">
      <Filter>Header Files\Shapes\Implementation</Filter>
    </ClInclude>
  </ItemGroup>
</Project>