<?xml version="1.0" encoding="utf-8"?>
<Project ToolsVersion="4.0" xmlns="http://schemas.microsoft.com/developer/msbuild/2003">
  <ItemGroup>
    <Filter Include="Source Files">
      <UniqueIdentifier>{4FC737F1-C7A5-4376-A066-2A32D752A2FF}</UniqueIdentifier>
      <Extensions>cpp;c;cc;cxx;c++;cppm;ixx;def;odl;idl;hpj;bat;asm;asmx</Extensions>
    </Filter>
    <Filter Include="Header Files">
      <UniqueIdentifier>{93995380-89BD-4b04-88EB-625FBE52EBFB}</UniqueIdentifier>
      <Extensions>h;hh;hpp;hxx;h++;hm;inl;inc;ipp;xsd</Extensions>
    </Filter>
    <Filter Include="Resource Files">
      <UniqueIdentifier>{67DA6AB6-F800-4c08-8B7A-83BB121AAD01}</UniqueIdentifier>
      <Extensions>rc;ico;cur;bmp;dlg;rc2;rct;bin;rgs;gif;jpg;jpeg;jpe;resx;tiff;tif;png;wav;mfcribbon-ms</Extensions>
    </Filter>
    <Filter Include="Resource Files\Calculator">
      <UniqueIdentifier>{742347d6-007f-4338-8614-5abb3d3b5391}</UniqueIdentifier>
    </Filter>
    <Filter Include="Header Files\Calculator">
      <UniqueIdentifier>{c678e437-f13e-4006-86be-6e4e53ca75fa}</UniqueIdentifier>
    </Filter>
  </ItemGroup>
  <ItemGroup>
    <ClCompile Include="main.cpp">
      <Filter>Source Files</Filter>
    </ClCompile>
    <ClCompile Include="resourses\calculator_controller.cpp">
      <Filter>Resource Files</Filter>
    </ClCompile>
    <ClCompile Include="resourses\calculator\calculator.cpp">
      <Filter>Resource Files\Calculator</Filter>
    </ClCompile>
    <ClCompile Include="resourses\calculator\variable.cpp">
      <Filter>Resource Files\Calculator</Filter>
    </ClCompile>
    <ClCompile Include="resourses\calculator\function.cpp">
      <Filter>Resource Files\Calculator</Filter>
    </ClCompile>
    <ClCompile Include="resourses\calculator\result.cpp">
      <Filter>Resource Files\Calculator</Filter>
    </ClCompile>
    <ClCompile Include="resourses\calculator\parser.cpp">
      <Filter>Resource Files\Calculator</Filter>
    </ClCompile>
    <ClCompile Include="resourses\calculator\operand.cpp">
      <Filter>Resource Files\Calculator</Filter>
    </ClCompile>
    <ClCompile Include="headers\pch.cpp">
      <Filter>Header Files</Filter>
    </ClCompile>
  </ItemGroup>
  <ItemGroup>
    <ClInclude Include="headers\std_lib.h">
      <Filter>Header Files</Filter>
    </ClInclude>
    <ClInclude Include="headers\CCalculator_controller.h">
      <Filter>Header Files</Filter>
    </ClInclude>
    <ClInclude Include="headers\calculator\CCalculator.h">
      <Filter>Header Files\Calculator</Filter>
    </ClInclude>
    <ClInclude Include="headers\calculator\CVariable.h">
      <Filter>Header Files\Calculator</Filter>
    </ClInclude>
    <ClInclude Include="headers\calculator\CFunction.h">
      <Filter>Header Files\Calculator</Filter>
    </ClInclude>
    <ClInclude Include="headers\calculator\CResult.h">
      <Filter>Header Files\Calculator</Filter>
    </ClInclude>
    <ClInclude Include="headers\calculator\CParser.h">
      <Filter>Header Files\Calculator</Filter>
    </ClInclude>
    <ClInclude Include="headers\calculator\COperand.h">
      <Filter>Header Files\Calculator</Filter>
    </ClInclude>
  </ItemGroup>
</Project>