<?xml version="1.0" encoding="utf-8"?>
<Project ToolsVersion="4.0" xmlns="http://schemas.microsoft.com/developer/msbuild/2003">
  <ItemGroup>
    <Filter Include="Source Files">
      <UniqueIdentifier>{4FC737F1-C7A5-4376-A066-2A32D752A2FF}</UniqueIdentifier>
      <Extensions>cpp;c;cc;cxx;c++;cppm;ixx;def;odl;idl;hpj;bat;asm;asmx</Extensions>
    </Filter>
    <Filter Include="Header Files">
      <UniqueIdentifier>{c4a80ffc-71b7-4225-8da6-5ba4c60d401e}</UniqueIdentifier>
    </Filter>
    <Filter Include="Resource Files">
      <UniqueIdentifier>{8511270f-c3d6-460c-bdcd-edc640718cbd}</UniqueIdentifier>
    </Filter>
    <Filter Include="Header Files\Shapes">
      <UniqueIdentifier>{30c135f7-3cb7-4c18-9701-448b182dec53}</UniqueIdentifier>
    </Filter>
    <Filter Include="Header Files\Shapes\Interface">
      <UniqueIdentifier>{b65be68f-0dd0-4d40-80b5-9abfc66c67d9}</UniqueIdentifier>
    </Filter>
    <Filter Include="Header Files\Shapes\Implementation">
      <UniqueIdentifier>{e0d1fadd-ef33-4a6a-b153-01396b9b1671}</UniqueIdentifier>
    </Filter>
    <Filter Include="Source Files\Shapes">
      <UniqueIdentifier>{a2377120-9187-4a79-8f93-1991882ab52e}</UniqueIdentifier>
    </Filter>
  </ItemGroup>
  <ItemGroup>
    <ClCompile Include="shapes.test.cpp">
      <Filter>Source Files</Filter>
    </ClCompile>
    <ClCompile Include="unit\circle.test.cpp">
      <Filter>Source Files</Filter>
    </ClCompile>
    <ClCompile Include="unit\rectangle.test.cpp">
      <Filter>Source Files</Filter>
    </ClCompile>
    <ClCompile Include="unit\triangle.test.cpp">
      <Filter>Source Files</Filter>
    </ClCompile>
    <ClCompile Include="unit\line.test.cpp">
      <Filter>Source Files</Filter>
    </ClCompile>
    <ClCompile Include="unit\point.test.cpp">
      <Filter>Source Files</Filter>
    </ClCompile>
    <ClCompile Include="..\..\..\labs\lab4\shapes\resources\shapes\Circle.cpp">
      <Filter>Source Files\Shapes</Filter>
    </ClCompile>
    <ClCompile Include="..\..\..\labs\lab4\shapes\resources\shapes\LineSegment.cpp">
      <Filter>Source Files\Shapes</Filter>
    </ClCompile>
    <ClCompile Include="..\..\..\labs\lab4\shapes\resources\shapes\Point.cpp">
      <Filter>Source Files\Shapes</Filter>
    </ClCompile>
    <ClCompile Include="..\..\..\labs\lab4\shapes\resources\shapes\Rectangle.cpp">
      <Filter>Source Files\Shapes</Filter>
    </ClCompile>
    <ClCompile Include="..\..\..\labs\lab4\shapes\resources\shapes\Triangle.cpp">
      <Filter>Source Files\Shapes</Filter>
    </ClCompile>
    <ClCompile Include="pch.cpp">
      <Filter>Header Files</Filter>
    </ClCompile>
  </ItemGroup>
  <ItemGroup>
    <ClInclude Include="..\..\..\labs\lab4\shapes\headers\shapes\Circle.h">
      <Filter>Header Files\Shapes</Filter>
    </ClInclude>
    <ClInclude Include="..\..\..\labs\lab4\shapes\headers\shapes\LineSegment.h">
      <Filter>Header Files\Shapes</Filter>
    </ClInclude>
    <ClInclude Include="..\..\..\labs\lab4\shapes\headers\shapes\Point.h">
      <Filter>Header Files\Shapes</Filter>
    </ClInclude>
    <ClInclude Include="..\..\..\labs\lab4\shapes\headers\shapes\Rectangle.h">
      <Filter>Header Files\Shapes</Filter>
    </ClInclude>
    <ClInclude Include="..\..\..\labs\lab4\shapes\headers\shapes\Triangle.h">
      <Filter>Header Files\Shapes</Filter>
    </ClInclude>
    <ClInclude Include="..\..\..\labs\lab4\shapes\headers\shapes\ICircle.h">
      <Filter>Header Files\Shapes\Interface</Filter>
    </ClInclude>
    <ClInclude Include="..\..\..\labs\lab4\shapes\headers\shapes\ILineSegment.h">
      <Filter>Header Files\Shapes\Interface</Filter>
    </ClInclude>
    <ClInclude Include="..\..\..\labs\lab4\shapes\headers\shapes\IRectangle.h">
      <Filter>Header Files\Shapes\Interface</Filter>
    </ClInclude>
    <ClInclude Include="..\..\..\labs\lab4\shapes\headers\shapes\IShape.h">
      <Filter>Header Files\Shapes\Interface</Filter>
    </ClInclude>
    <ClInclude Include="..\..\..\labs\lab4\shapes\headers\shapes\ISolidShape.h">
      <Filter>Header Files\Shapes\Interface</Filter>
    </ClInclude>
    <ClInclude Include="..\..\..\labs\lab4\shapes\headers\shapes\ITriangle.h">
      <Filter>Header Files\Shapes\Interface</Filter>
    </ClInclude>
    <ClInclude Include="..\..\..\labs\lab4\shapes\headers\shapes\ShapeImpl.hpp">
      <Filter>Header Files\Shapes\Implementation</Filter>
    </ClInclude>
    <ClInclude Include="..\..\..\labs\lab4\shapes\headers\shapes\SolidShapeImpl.hpp">
      <Filter>Header Files\Shapes\Implementation</Filter>
    </ClInclude>
    <ClInclude Include="pch.h">
      <Filter>Header Files</Filter>
    </ClInclude>
  </ItemGroup>
  <ItemGroup>
    <None Include="cpp.hint" />
  </ItemGroup>
</Project>