<?xml version="1.0" encoding="utf-8"?>
<Project ToolsVersion="4.0" xmlns="http://schemas.microsoft.com/developer/msbuild/2003">
  <ItemGroup>
    <Filter Include="Source Files">
      <UniqueIdentifier>{4FC737F1-C7A5-4376-A066-2A32D752A2FF}</UniqueIdentifier>
      <Extensions>cpp;c;cc;cxx;c++;cppm;ixx;def;odl;idl;hpj;bat;asm;asmx</Extensions>
    </Filter>
    <Filter Include="Header Files">
      <UniqueIdentifier>{93995380-89BD-4b04-88EB-625FBE52EBFB}</UniqueIdentifier>
      <Extensions>h;hh;hpp;hxx;h++;hm;inl;inc;ipp;xsd</Extensions>
    </Filter>
    <Filter Include="Resource Files">
      <UniqueIdentifier>{67DA6AB6-F800-4c08-8B7A-83BB121AAD01}</UniqueIdentifier>
      <Extensions>rc;ico;cur;bmp;dlg;rc2;rct;bin;rgs;gif;jpg;jpeg;jpe;resx;tiff;tif;png;wav;mfcribbon-ms</Extensions>
    </Filter>
    <Filter Include="Source Files\Unit">
      <UniqueIdentifier>{77d4a675-a771-4b33-9686-e1d59a0153c6}</UniqueIdentifier>
    </Filter>
    <Filter Include="Header Files\MyString">
      <UniqueIdentifier>{f64367ea-bfa6-4b7c-badb-fe56f4011444}</UniqueIdentifier>
    </Filter>
    <Filter Include="Source Files\MyString">
      <UniqueIdentifier>{c77d387f-e53d-45a3-be7c-80e7b423230a}</UniqueIdentifier>
    </Filter>
  </ItemGroup>
  <ItemGroup>
    <ClCompile Include="MyString.main.test.cpp">
      <Filter>Source Files</Filter>
    </ClCompile>
    <ClCompile Include="MyString.test.cpp">
      <Filter>Source Files\Unit</Filter>
    </ClCompile>
    <ClCompile Include="..\..\..\labs\lab5\my_string\src\string\MyString.cpp">
      <Filter>Source Files\MyString</Filter>
    </ClCompile>
    <ClCompile Include="..\..\..\labs\lab5\my_string\src\string\MyStringIterator.cpp">
      <Filter>Source Files\MyString</Filter>
    </ClCompile>
  </ItemGroup>
  <ItemGroup>
    <ClInclude Include="..\..\..\labs\lab5\my_string\headers\string\CMyString.h">
      <Filter>Header Files\MyString</Filter>
    </ClInclude>
    <ClInclude Include="..\..\..\labs\lab5\my_string\headers\string\CMyStringIterator.h">
      <Filter>Header Files\MyString</Filter>
    </ClInclude>
  </ItemGroup>
  <ItemGroup>
    <None Include="cpp.hint" />
  </ItemGroup>
</Project>